<?xml version="1.0" encoding="utf-8"?>
<Project ToolsVersion="4.0" xmlns="http://schemas.microsoft.com/developer/msbuild/2003">
  <ItemGroup>
    <Filter Include="Source Files">
      <UniqueIdentifier>{4FC737F1-C7A5-4376-A066-2A32D752A2FF}</UniqueIdentifier>
      <Extensions>cpp;c;cc;cxx;def;odl;idl;hpj;bat;asm;asmx</Extensions>
    </Filter>
    <Filter Include="Header Files">
      <UniqueIdentifier>{93995380-89BD-4b04-88EB-625FBE52EBFB}</UniqueIdentifier>
      <Extensions>h;hh;hpp;hxx;hm;inl;inc;ipp;xsd</Extensions>
    </Filter>
    <Filter Include="Resource Files">
      <UniqueIdentifier>{67DA6AB6-F800-4c08-8B7A-83BB121AAD01}</UniqueIdentifier>
      <Extensions>rc;ico;cur;bmp;dlg;rc2;rct;bin;rgs;gif;jpg;jpeg;jpe;resx;tiff;tif;png;wav;mfcribbon-ms</Extensions>
    </Filter>
    <Filter Include="InputSystem">
      <UniqueIdentifier>{3dc086a4-9e26-4f19-ab5b-047c24490e6c}</UniqueIdentifier>
    </Filter>
    <Filter Include="LogSystem">
      <UniqueIdentifier>{5d5b9ee0-fd26-4634-8c96-6fac5da1347a}</UniqueIdentifier>
    </Filter>
    <Filter Include="Interfaces">
      <UniqueIdentifier>{2fa449e1-5d34-4f65-b9ca-4d3a9450dab6}</UniqueIdentifier>
    </Filter>
    <Filter Include="Preprocessing">
      <UniqueIdentifier>{0648bc78-2ab3-4671-a733-cabe77399fb7}</UniqueIdentifier>
    </Filter>
    <Filter Include="ThirdParty">
      <UniqueIdentifier>{4e56f78e-8bc8-46eb-b22c-53fc559a9ce6}</UniqueIdentifier>
    </Filter>
    <Filter Include="ThirdParty\ImGui">
      <UniqueIdentifier>{035b90bc-960f-4e69-9517-1171cda5458f}</UniqueIdentifier>
    </Filter>
    <Filter Include="ThirdParty\DynamicStructures">
      <UniqueIdentifier>{06fb46ed-cf77-4124-8f5d-1afb93043291}</UniqueIdentifier>
    </Filter>
    <Filter Include="Header Files\Bindable">
      <UniqueIdentifier>{9dba3fad-e744-4d23-ba1d-a61751df4692}</UniqueIdentifier>
    </Filter>
    <Filter Include="Header Files\Drawable">
      <UniqueIdentifier>{0d01650d-a136-45f5-83bb-ebf3fa268499}</UniqueIdentifier>
    </Filter>
    <Filter Include="Menu">
      <UniqueIdentifier>{5748b971-a6a7-48a1-afcb-661def9c6b2b}</UniqueIdentifier>
    </Filter>
    <Filter Include="Header Files\Utility">
      <UniqueIdentifier>{bfa07932-e185-4e1f-b7cf-0ad466741557}</UniqueIdentifier>
    </Filter>
    <Filter Include="RenderingSystem">
      <UniqueIdentifier>{afe1cc01-a4ee-4fa1-8c5d-4acf4d3abb5c}</UniqueIdentifier>
    </Filter>
    <Filter Include="Shaders">
      <UniqueIdentifier>{9307dd36-0d92-4234-803f-c0147cfb681d}</UniqueIdentifier>
    </Filter>
    <Filter Include="Shaders\VS">
      <UniqueIdentifier>{7a5bc4e5-9782-49c5-90a4-d458e872eee0}</UniqueIdentifier>
    </Filter>
    <Filter Include="Shaders\PS">
      <UniqueIdentifier>{a2cbdbbd-8472-4f75-9695-e3662c491159}</UniqueIdentifier>
    </Filter>
    <Filter Include="Shaders\GS">
      <UniqueIdentifier>{bc0b61df-70e6-459d-9082-19b4522b98b3}</UniqueIdentifier>
    </Filter>
    <Filter Include="Shaders\CS">
      <UniqueIdentifier>{0eca322b-2304-47d6-8a35-72bd8d8fdaf1}</UniqueIdentifier>
    </Filter>
    <Filter Include="Shaders\DS">
      <UniqueIdentifier>{776ec20b-8f13-4fed-82be-3b489a3e421c}</UniqueIdentifier>
    </Filter>
    <Filter Include="Shaders\HS">
      <UniqueIdentifier>{ad53aa64-04c5-4ff9-a85c-93f0a32b80cf}</UniqueIdentifier>
    </Filter>
    <Filter Include="ThirdParty\JSON">
      <UniqueIdentifier>{7c22d022-47c0-410a-b389-5f104f358d88}</UniqueIdentifier>
    </Filter>
    <Filter Include="SoundSystem">
      <UniqueIdentifier>{eed689ac-2621-4a6c-8958-73385e5f321c}</UniqueIdentifier>
    </Filter>
    <Filter Include="SoundSystem\Audio">
      <UniqueIdentifier>{7a11680a-f380-4d02-a1dc-d10851270183}</UniqueIdentifier>
    </Filter>
    <Filter Include="PhysicsSystem">
      <UniqueIdentifier>{714e5994-129b-4e81-afea-0055be487cdb}</UniqueIdentifier>
    </Filter>
    <Filter Include="LogSystem\Macros">
      <UniqueIdentifier>{cd7424b9-e2f6-4167-aa93-f0a0a97db6b7}</UniqueIdentifier>
    </Filter>
    <Filter Include="LogSystem\Exceptions">
      <UniqueIdentifier>{75e236c2-262b-4bc1-b33d-4462d4a568b3}</UniqueIdentifier>
    </Filter>
    <Filter Include="ThirdParty\DXerr">
      <UniqueIdentifier>{039c9fd1-e506-4c82-882a-fa1da480f1ea}</UniqueIdentifier>
    </Filter>
    <Filter Include="Application">
      <UniqueIdentifier>{ace00d92-5d68-43a2-bf57-31989da6dadd}</UniqueIdentifier>
    </Filter>
    <Filter Include="Header Files\Geometry">
      <UniqueIdentifier>{748594fc-0495-42bb-8f63-d6ba48fad6a4}</UniqueIdentifier>
    </Filter>
    <Filter Include="Shaders\Headers">
      <UniqueIdentifier>{37ae246b-183a-411f-9bde-0aca7650d6ee}</UniqueIdentifier>
    </Filter>
    <Filter Include="Header Files\Events">
      <UniqueIdentifier>{0285b92c-d069-48d1-8a1b-0eee2b961acd}</UniqueIdentifier>
    </Filter>
    <Filter Include="Shaders\Templar">
      <UniqueIdentifier>{8c195480-8289-47a1-87f9-2763313aaa90}</UniqueIdentifier>
    </Filter>
    <Filter Include="ThirdParty\TextureLoaders">
      <UniqueIdentifier>{a0021a10-665e-47f6-bad5-17f1932346be}</UniqueIdentifier>
    </Filter>
  </ItemGroup>
  <ItemGroup>
    <ClCompile Include="main.cpp">
      <Filter>Source Files</Filter>
    </ClCompile>
    <ClCompile Include="InputSystem.cpp">
      <Filter>InputSystem</Filter>
    </ClCompile>
    <ClCompile Include="WindowClass.cpp">
      <Filter>RenderingSystem</Filter>
    </ClCompile>
    <ClCompile Include="ConsoleClass.cpp">
      <Filter>LogSystem</Filter>
    </ClCompile>
    <ClCompile Include="WindowErrorClass.cpp">
      <Filter>LogSystem</Filter>
    </ClCompile>
    <ClCompile Include="Vertex.cpp">
      <Filter>ThirdParty\DynamicStructures</Filter>
    </ClCompile>
    <ClCompile Include="ImGui\imgui.cpp">
      <Filter>ThirdParty\ImGui</Filter>
    </ClCompile>
    <ClCompile Include="ImGui\imgui_demo.cpp">
      <Filter>ThirdParty\ImGui</Filter>
    </ClCompile>
    <ClCompile Include="ImGui\imgui_draw.cpp">
      <Filter>ThirdParty\ImGui</Filter>
    </ClCompile>
    <ClCompile Include="ImGui\imgui_impl_dx11.cpp">
      <Filter>ThirdParty\ImGui</Filter>
    </ClCompile>
    <ClCompile Include="ImGui\imgui_impl_win32.cpp">
      <Filter>ThirdParty\ImGui</Filter>
    </ClCompile>
    <ClCompile Include="ImGui\imgui_widgets.cpp">
      <Filter>ThirdParty\ImGui</Filter>
    </ClCompile>
    <ClCompile Include="CommandLineProcessor.cpp">
      <Filter>Preprocessing</Filter>
    </ClCompile>
    <ClCompile Include="OpenFileDialog.cpp">
      <Filter>Header Files\Utility</Filter>
    </ClCompile>
    <ClCompile Include="Timer.cpp">
      <Filter>Header Files\Utility</Filter>
    </ClCompile>
    <ClCompile Include="Audio.cpp">
      <Filter>SoundSystem\Audio</Filter>
    </ClCompile>
    <ClCompile Include="ImGuiManager.cpp">
      <Filter>ThirdParty</Filter>
    </ClCompile>
    <ClCompile Include="DXGIInfoManager.cpp">
      <Filter>LogSystem</Filter>
    </ClCompile>
    <ClCompile Include="RedneckException.cpp">
      <Filter>LogSystem\Exceptions</Filter>
    </ClCompile>
    <ClCompile Include="Graphics.cpp">
      <Filter>RenderingSystem</Filter>
    </ClCompile>
    <ClCompile Include="dxerr.cpp">
      <Filter>ThirdParty\DXerr</Filter>
    </ClCompile>
    <ClCompile Include="IBindable.cpp">
      <Filter>Interfaces</Filter>
    </ClCompile>
    <ClCompile Include="Surface.cpp">
      <Filter>Header Files</Filter>
    </ClCompile>
    <ClCompile Include="RedneckUtility.cpp">
      <Filter>Header Files\Utility</Filter>
    </ClCompile>
    <ClCompile Include="Blender.cpp">
      <Filter>Header Files\Bindable</Filter>
    </ClCompile>
    <ClCompile Include="IndexBuffer.cpp">
      <Filter>Header Files\Bindable</Filter>
    </ClCompile>
    <ClCompile Include="InputLayout.cpp">
      <Filter>Header Files\Bindable</Filter>
    </ClCompile>
    <ClCompile Include="PixelShader.cpp">
      <Filter>Header Files\Bindable</Filter>
    </ClCompile>
    <ClCompile Include="Rasterizer.cpp">
      <Filter>Header Files\Bindable</Filter>
    </ClCompile>
    <ClCompile Include="Sampler.cpp">
      <Filter>Header Files\Bindable</Filter>
    </ClCompile>
    <ClCompile Include="Texture.cpp">
      <Filter>Header Files\Bindable</Filter>
    </ClCompile>
    <ClCompile Include="Topology.cpp">
      <Filter>Header Files\Bindable</Filter>
    </ClCompile>
    <ClCompile Include="VertexBuffer.cpp">
      <Filter>Header Files\Bindable</Filter>
    </ClCompile>
    <ClCompile Include="VertexShader.cpp">
      <Filter>Header Files\Bindable</Filter>
    </ClCompile>
    <ClCompile Include="TransformCbuf.cpp">
      <Filter>Header Files\Bindable</Filter>
    </ClCompile>
    <ClCompile Include="Entity.cpp">
      <Filter>Header Files\Drawable</Filter>
    </ClCompile>
    <ClCompile Include="EntityManager.cpp">
      <Filter>Header Files\Drawable</Filter>
    </ClCompile>
    <ClCompile Include="Menu.cpp">
      <Filter>Menu</Filter>
    </ClCompile>
    <ClCompile Include="Mesh.cpp">
      <Filter>Header Files\Drawable</Filter>
    </ClCompile>
    <ClCompile Include="RedneckXM.cpp">
      <Filter>Header Files\Utility</Filter>
    </ClCompile>
    <ClCompile Include="SolidSphere.cpp">
      <Filter>Header Files\Drawable</Filter>
    </ClCompile>
    <ClCompile Include="Camera.cpp">
      <Filter>Header Files</Filter>
    </ClCompile>
    <ClCompile Include="Application.cpp">
      <Filter>Application</Filter>
    </ClCompile>
    <ClCompile Include="TestCube.cpp">
      <Filter>Header Files\Drawable</Filter>
    </ClCompile>
    <ClCompile Include="TransformCbufDoubleBoi.cpp">
      <Filter>Header Files\Bindable</Filter>
    </ClCompile>
    <ClCompile Include="TestPlane.cpp">
      <Filter>Header Files\Drawable</Filter>
    </ClCompile>
    <ClCompile Include="Event.cpp">
      <Filter>Header Files\Events</Filter>
    </ClCompile>
    <ClCompile Include="Drawable.cpp">
      <Filter>Header Files\Drawable</Filter>
    </ClCompile>
    <ClCompile Include="DepthStencil.cpp">
      <Filter>Header Files\Bindable</Filter>
    </ClCompile>
    <ClCompile Include="DDSTextureLoader.cpp">
      <Filter>ThirdParty\TextureLoaders</Filter>
    </ClCompile>
    <ClCompile Include="WICTextureLoader.cpp">
      <Filter>ThirdParty\TextureLoaders</Filter>
    </ClCompile>
    <ClCompile Include="Texture3D.cpp">
      <Filter>Header Files\Bindable</Filter>
    </ClCompile>
    <ClCompile Include="Cubemap.cpp">
      <Filter>Header Files\Drawable</Filter>
    </ClCompile>
  </ItemGroup>
  <ItemGroup>
    <ClInclude Include="InputSystem.h">
      <Filter>InputSystem</Filter>
    </ClInclude>
    <ClInclude Include="WindowClass.h">
      <Filter>RenderingSystem</Filter>
    </ClInclude>
    <ClInclude Include="ConsoleClass.h">
      <Filter>LogSystem</Filter>
    </ClInclude>
    <ClInclude Include="LogCommon.h">
      <Filter>LogSystem</Filter>
    </ClInclude>
    <ClInclude Include="WindowErrorClass.h">
      <Filter>LogSystem</Filter>
    </ClInclude>
    <ClInclude Include="Singleton.h">
      <Filter>RenderingSystem</Filter>
    </ClInclude>
    <ClInclude Include="EventHandler.h">
      <Filter>Header Files</Filter>
    </ClInclude>
    <ClInclude Include="Graphics.h">
      <Filter>RenderingSystem</Filter>
    </ClInclude>
    <ClInclude Include="IDrawable.h">
      <Filter>Interfaces</Filter>
    </ClInclude>
    <ClInclude Include="IUpdateable.h">
      <Filter>Interfaces</Filter>
    </ClInclude>
    <ClInclude Include="IMenuViewable.h">
      <Filter>Interfaces</Filter>
    </ClInclude>
    <ClInclude Include="CommandLineProcessor.h">
      <Filter>Preprocessing</Filter>
    </ClInclude>
    <ClInclude Include="Vertex.h">
      <Filter>ThirdParty\DynamicStructures</Filter>
    </ClInclude>
    <ClInclude Include="Color.h">
      <Filter>ThirdParty\DynamicStructures</Filter>
    </ClInclude>
    <ClInclude Include="ImGui\imconfig.h">
      <Filter>ThirdParty\ImGui</Filter>
    </ClInclude>
    <ClInclude Include="ImGui\imgui.h">
      <Filter>ThirdParty\ImGui</Filter>
    </ClInclude>
    <ClInclude Include="ImGui\imgui_impl_dx11.h">
      <Filter>ThirdParty\ImGui</Filter>
    </ClInclude>
    <ClInclude Include="ImGui\imgui_impl_win32.h">
      <Filter>ThirdParty\ImGui</Filter>
    </ClInclude>
    <ClInclude Include="ImGui\imgui_internal.h">
      <Filter>ThirdParty\ImGui</Filter>
    </ClInclude>
    <ClInclude Include="ImGui\imstb_rectpack.h">
      <Filter>ThirdParty\ImGui</Filter>
    </ClInclude>
    <ClInclude Include="ImGui\imstb_textedit.h">
      <Filter>ThirdParty\ImGui</Filter>
    </ClInclude>
    <ClInclude Include="ImGui\imstb_truetype.h">
      <Filter>ThirdParty\ImGui</Filter>
    </ClInclude>
    <ClInclude Include="OpenFileDialog.h">
      <Filter>Header Files\Utility</Filter>
    </ClInclude>
    <ClInclude Include="Timer.h">
      <Filter>Header Files\Utility</Filter>
    </ClInclude>
    <ClInclude Include="json.hpp">
      <Filter>ThirdParty\JSON</Filter>
    </ClInclude>
    <ClInclude Include="Audio.h">
      <Filter>SoundSystem\Audio</Filter>
    </ClInclude>
    <ClInclude Include="ImGuiManager.h">
      <Filter>ThirdParty</Filter>
    </ClInclude>
    <ClInclude Include="DXGIInfoManager.h">
      <Filter>LogSystem</Filter>
    </ClInclude>
    <ClInclude Include="GraphicsThrowMacros.h">
      <Filter>LogSystem\Macros</Filter>
    </ClInclude>
    <ClInclude Include="RedneckException.h">
      <Filter>LogSystem\Exceptions</Filter>
    </ClInclude>
    <ClInclude Include="ExceptionMacro.h">
      <Filter>LogSystem\Macros</Filter>
    </ClInclude>
    <ClInclude Include="dxerr.h">
      <Filter>ThirdParty\DXerr</Filter>
    </ClInclude>
    <ClInclude Include="Application.h">
      <Filter>Application</Filter>
    </ClInclude>
    <ClInclude Include="IBindable.h">
      <Filter>Interfaces</Filter>
    </ClInclude>
    <ClInclude Include="CommonD3D.h">
      <Filter>Header Files</Filter>
    </ClInclude>
    <ClInclude Include="BindableCodex.h">
      <Filter>Header Files\Bindable</Filter>
    </ClInclude>
    <ClInclude Include="BindableCommon.h">
      <Filter>Header Files\Bindable</Filter>
    </ClInclude>
    <ClInclude Include="Blender.h">
      <Filter>Header Files\Bindable</Filter>
    </ClInclude>
    <ClInclude Include="ConstantBuffers.h">
      <Filter>Header Files\Bindable</Filter>
    </ClInclude>
    <ClInclude Include="IndexBuffer.h">
      <Filter>Header Files\Bindable</Filter>
    </ClInclude>
    <ClInclude Include="PixelShader.h">
      <Filter>Header Files\Bindable</Filter>
    </ClInclude>
    <ClInclude Include="Rasterizer.h">
      <Filter>Header Files\Bindable</Filter>
    </ClInclude>
    <ClInclude Include="Sampler.h">
      <Filter>Header Files\Bindable</Filter>
    </ClInclude>
    <ClInclude Include="Texture.h">
      <Filter>Header Files\Bindable</Filter>
    </ClInclude>
    <ClInclude Include="Topology.h">
      <Filter>Header Files\Bindable</Filter>
    </ClInclude>
    <ClInclude Include="VertexBuffer.h">
      <Filter>Header Files\Bindable</Filter>
    </ClInclude>
    <ClInclude Include="VertexShader.h">
      <Filter>Header Files\Bindable</Filter>
    </ClInclude>
    <ClInclude Include="Surface.h">
      <Filter>Header Files</Filter>
    </ClInclude>
    <ClInclude Include="Math.h">
      <Filter>Header Files\Utility</Filter>
    </ClInclude>
    <ClInclude Include="Common.h">
      <Filter>Header Files</Filter>
    </ClInclude>
    <ClInclude Include="RedneckUtility.h">
      <Filter>Header Files\Utility</Filter>
    </ClInclude>
    <ClInclude Include="InputLayout.h">
      <Filter>Header Files\Bindable</Filter>
    </ClInclude>
    <ClInclude Include="IndexedTriangleList.h">
      <Filter>Header Files\Geometry</Filter>
    </ClInclude>
    <ClInclude Include="Cube.h">
      <Filter>Header Files\Geometry</Filter>
    </ClInclude>
    <ClInclude Include="Plane.h">
      <Filter>Header Files\Geometry</Filter>
    </ClInclude>
    <ClInclude Include="Sphere.h">
      <Filter>Header Files\Geometry</Filter>
    </ClInclude>
    <ClInclude Include="EntityManager.h">
      <Filter>Header Files\Drawable</Filter>
    </ClInclude>
    <ClInclude Include="Entity.h">
      <Filter>Header Files\Drawable</Filter>
    </ClInclude>
    <ClInclude Include="Menu.h">
      <Filter>Menu</Filter>
    </ClInclude>
    <ClInclude Include="TransformCbuf.h">
      <Filter>Header Files\Bindable</Filter>
    </ClInclude>
    <ClInclude Include="Mesh.h">
      <Filter>Header Files\Drawable</Filter>
    </ClInclude>
    <ClInclude Include="SolidSphere.h">
      <Filter>Header Files\Drawable</Filter>
    </ClInclude>
    <ClInclude Include="Camera.h">
      <Filter>Header Files</Filter>
    </ClInclude>
    <ClInclude Include="RedneckXM.h">
      <Filter>Header Files\Utility</Filter>
    </ClInclude>
    <ClInclude Include="TestCube.h">
      <Filter>Header Files\Drawable</Filter>
    </ClInclude>
    <ClInclude Include="TransformCbufDoubleBoi.h">
      <Filter>Header Files\Bindable</Filter>
    </ClInclude>
    <ClInclude Include="TestPlane.h">
      <Filter>Header Files\Drawable</Filter>
    </ClInclude>
    <ClInclude Include="IUID.h">
      <Filter>Interfaces</Filter>
    </ClInclude>
    <ClInclude Include="Event.h">
      <Filter>Header Files\Events</Filter>
    </ClInclude>
    <ClInclude Include="KeyboardEvents.h">
      <Filter>Header Files\Events</Filter>
    </ClInclude>
    <ClInclude Include="WindowEvents.h">
      <Filter>Header Files\Events</Filter>
    </ClInclude>
    <ClInclude Include="MouseEvents.h">
      <Filter>Header Files\Events</Filter>
    </ClInclude>
    <ClInclude Include="Drawable.h">
      <Filter>Header Files\Drawable</Filter>
    </ClInclude>
    <ClInclude Include="Cubemap.h">
      <Filter>Header Files\Drawable</Filter>
    </ClInclude>
    <ClInclude Include="DepthStencil.h">
      <Filter>Header Files\Bindable</Filter>
    </ClInclude>
    <ClInclude Include="DDSTextureLoader.h">
      <Filter>ThirdParty\TextureLoaders</Filter>
    </ClInclude>
    <ClInclude Include="WICTextureLoader.h">
      <Filter>ThirdParty\TextureLoaders</Filter>
    </ClInclude>
    <ClInclude Include="Texture3D.h">
      <Filter>Header Files\Bindable</Filter>
    </ClInclude>
  </ItemGroup>
  <ItemGroup>
    <None Include="DXGetErrorDescription.inl">
      <Filter>ThirdParty\DXerr</Filter>
    </None>
    <None Include="DXGetErrorString.inl">
      <Filter>ThirdParty\DXerr</Filter>
    </None>
    <None Include="DXTrace.inl">
      <Filter>ThirdParty\DXerr</Filter>
    </None>
    <None Include="Transform.hlsli">
      <Filter>Shaders\Headers</Filter>
    </None>
    <None Include="ShaderOps.hlsli">
      <Filter>Shaders\Headers</Filter>
    </None>
    <None Include="PointLight.hlsli">
      <Filter>Shaders\Headers</Filter>
    </None>
  </ItemGroup>
  <ItemGroup>
    <FxCompile Include="SolidVS.hlsl">
      <Filter>Shaders\VS</Filter>
    </FxCompile>
    <FxCompile Include="SolidPS.hlsl">
      <Filter>Shaders\PS</Filter>
    </FxCompile>
    <FxCompile Include="PhongVS.hlsl">
      <Filter>Shaders\VS</Filter>
    </FxCompile>
    <FxCompile Include="PhongPSNormalMap.hlsl">
      <Filter>Shaders\PS</Filter>
    </FxCompile>
    <FxCompile Include="PhongVSNotex.hlsl">
      <Filter>Shaders\VS</Filter>
    </FxCompile>
    <FxCompile Include="PhongPS.hlsl">
      <Filter>Shaders\PS</Filter>
    </FxCompile>
    <FxCompile Include="PhongPSNotex.hlsl">
      <Filter>Shaders\PS</Filter>
    </FxCompile>
    <FxCompile Include="PhongPSSpec.hlsl">
      <Filter>Shaders\PS</Filter>
    </FxCompile>
    <FxCompile Include="PhongVSNormalMap.hlsl">
      <Filter>Shaders\VS</Filter>
    </FxCompile>
    <FxCompile Include="PhongPSSpecNormMask.hlsl">
      <Filter>Shaders\PS</Filter>
    </FxCompile>
    <FxCompile Include="PhongPSSpecNormalMap.hlsl">
      <Filter>Shaders\PS</Filter>
    </FxCompile>
    <FxCompile Include="CubeMapVS.hlsl">
      <Filter>Shaders\VS</Filter>
    </FxCompile>
    <FxCompile Include="CubeMapPS.hlsl">
      <Filter>Shaders\PS</Filter>
    </FxCompile>
  </ItemGroup>
</Project>