<?xml version="1.0" encoding="utf-8"?>
<Project ToolsVersion="4.0" xmlns="http://schemas.microsoft.com/developer/msbuild/2003">
  <ItemGroup>
    <Filter Include="Source Files">
      <UniqueIdentifier>{4FC737F1-C7A5-4376-A066-2A32D752A2FF}</UniqueIdentifier>
      <Extensions>cpp;c;cc;cxx;def;odl;idl;hpj;bat;asm;asmx</Extensions>
    </Filter>
    <Filter Include="Header Files">
      <UniqueIdentifier>{93995380-89BD-4b04-88EB-625FBE52EBFB}</UniqueIdentifier>
      <Extensions>h;hh;hpp;hxx;hm;inl;inc;ipp;xsd</Extensions>
    </Filter>
    <Filter Include="Resource Files">
      <UniqueIdentifier>{67DA6AB6-F800-4c08-8B7A-83BB121AAD01}</UniqueIdentifier>
      <Extensions>rc;ico;cur;bmp;dlg;rc2;rct;bin;rgs;gif;jpg;jpeg;jpe;resx;tiff;tif;png;wav;mfcribbon-ms</Extensions>
    </Filter>
    <Filter Include="InputSystem">
      <UniqueIdentifier>{3dc086a4-9e26-4f19-ab5b-047c24490e6c}</UniqueIdentifier>
    </Filter>
    <Filter Include="LogSystem">
      <UniqueIdentifier>{5d5b9ee0-fd26-4634-8c96-6fac5da1347a}</UniqueIdentifier>
    </Filter>
    <Filter Include="Interfaces">
      <UniqueIdentifier>{2fa449e1-5d34-4f65-b9ca-4d3a9450dab6}</UniqueIdentifier>
    </Filter>
    <Filter Include="Preprocessing">
      <UniqueIdentifier>{0648bc78-2ab3-4671-a733-cabe77399fb7}</UniqueIdentifier>
    </Filter>
    <Filter Include="ThirdParty">
      <UniqueIdentifier>{4e56f78e-8bc8-46eb-b22c-53fc559a9ce6}</UniqueIdentifier>
    </Filter>
    <Filter Include="ThirdParty\ImGui">
      <UniqueIdentifier>{035b90bc-960f-4e69-9517-1171cda5458f}</UniqueIdentifier>
    </Filter>
    <Filter Include="ThirdParty\DynamicStructures">
      <UniqueIdentifier>{06fb46ed-cf77-4124-8f5d-1afb93043291}</UniqueIdentifier>
    </Filter>
    <Filter Include="Header Files\Bindable">
      <UniqueIdentifier>{9dba3fad-e744-4d23-ba1d-a61751df4692}</UniqueIdentifier>
    </Filter>
    <Filter Include="Header Files\Drawable">
      <UniqueIdentifier>{0d01650d-a136-45f5-83bb-ebf3fa268499}</UniqueIdentifier>
    </Filter>
    <Filter Include="Menu">
      <UniqueIdentifier>{5748b971-a6a7-48a1-afcb-661def9c6b2b}</UniqueIdentifier>
    </Filter>
    <Filter Include="Header Files\Utility">
      <UniqueIdentifier>{bfa07932-e185-4e1f-b7cf-0ad466741557}</UniqueIdentifier>
    </Filter>
    <Filter Include="RenderingSystem">
      <UniqueIdentifier>{afe1cc01-a4ee-4fa1-8c5d-4acf4d3abb5c}</UniqueIdentifier>
    </Filter>
    <Filter Include="Shaders">
      <UniqueIdentifier>{9307dd36-0d92-4234-803f-c0147cfb681d}</UniqueIdentifier>
    </Filter>
    <Filter Include="Shaders\VS">
      <UniqueIdentifier>{7a5bc4e5-9782-49c5-90a4-d458e872eee0}</UniqueIdentifier>
    </Filter>
    <Filter Include="Shaders\PS">
      <UniqueIdentifier>{a2cbdbbd-8472-4f75-9695-e3662c491159}</UniqueIdentifier>
    </Filter>
    <Filter Include="Shaders\GS">
      <UniqueIdentifier>{bc0b61df-70e6-459d-9082-19b4522b98b3}</UniqueIdentifier>
    </Filter>
    <Filter Include="Shaders\CS">
      <UniqueIdentifier>{0eca322b-2304-47d6-8a35-72bd8d8fdaf1}</UniqueIdentifier>
    </Filter>
    <Filter Include="Shaders\DS">
      <UniqueIdentifier>{776ec20b-8f13-4fed-82be-3b489a3e421c}</UniqueIdentifier>
    </Filter>
    <Filter Include="Shaders\HS">
      <UniqueIdentifier>{ad53aa64-04c5-4ff9-a85c-93f0a32b80cf}</UniqueIdentifier>
    </Filter>
    <Filter Include="ThirdParty\JSON">
      <UniqueIdentifier>{7c22d022-47c0-410a-b389-5f104f358d88}</UniqueIdentifier>
    </Filter>
    <Filter Include="SoundSystem">
      <UniqueIdentifier>{eed689ac-2621-4a6c-8958-73385e5f321c}</UniqueIdentifier>
    </Filter>
    <Filter Include="SoundSystem\Audio">
      <UniqueIdentifier>{7a11680a-f380-4d02-a1dc-d10851270183}</UniqueIdentifier>
    </Filter>
    <Filter Include="PhysicsSystem">
      <UniqueIdentifier>{714e5994-129b-4e81-afea-0055be487cdb}</UniqueIdentifier>
    </Filter>
    <Filter Include="LogSystem\Macros">
      <UniqueIdentifier>{cd7424b9-e2f6-4167-aa93-f0a0a97db6b7}</UniqueIdentifier>
    </Filter>
    <Filter Include="LogSystem\Exceptions">
      <UniqueIdentifier>{75e236c2-262b-4bc1-b33d-4462d4a568b3}</UniqueIdentifier>
    </Filter>
    <Filter Include="ThirdParty\DXerr">
      <UniqueIdentifier>{039c9fd1-e506-4c82-882a-fa1da480f1ea}</UniqueIdentifier>
    </Filter>
    <Filter Include="Application">
      <UniqueIdentifier>{ace00d92-5d68-43a2-bf57-31989da6dadd}</UniqueIdentifier>
    </Filter>
    <Filter Include="Header Files\Geometry">
      <UniqueIdentifier>{748594fc-0495-42bb-8f63-d6ba48fad6a4}</UniqueIdentifier>
    </Filter>
    <Filter Include="Shaders\Headers">
      <UniqueIdentifier>{37ae246b-183a-411f-9bde-0aca7650d6ee}</UniqueIdentifier>
    </Filter>
    <Filter Include="Header Files\Events">
      <UniqueIdentifier>{0285b92c-d069-48d1-8a1b-0eee2b961acd}</UniqueIdentifier>
    </Filter>
    <Filter Include="Shaders\Templar">
      <UniqueIdentifier>{8c195480-8289-47a1-87f9-2763313aaa90}</UniqueIdentifier>
    </Filter>
    <Filter Include="ThirdParty\TextureLoaders">
      <UniqueIdentifier>{a0021a10-665e-47f6-bad5-17f1932346be}</UniqueIdentifier>
    </Filter>
    <Filter Include="ThirdParty\BulletPhysics">
      <UniqueIdentifier>{29df55e2-87fc-4d2f-b477-37bc34a3845f}</UniqueIdentifier>
    </Filter>
  </ItemGroup>
  <ItemGroup>
    <ClCompile Include="main.cpp">
      <Filter>Source Files</Filter>
    </ClCompile>
    <ClCompile Include="InputSystem.cpp">
      <Filter>InputSystem</Filter>
    </ClCompile>
    <ClCompile Include="WindowClass.cpp">
      <Filter>RenderingSystem</Filter>
    </ClCompile>
    <ClCompile Include="ConsoleClass.cpp">
      <Filter>LogSystem</Filter>
    </ClCompile>
    <ClCompile Include="WindowErrorClass.cpp">
      <Filter>LogSystem</Filter>
    </ClCompile>
    <ClCompile Include="Vertex.cpp">
      <Filter>ThirdParty\DynamicStructures</Filter>
    </ClCompile>
    <ClCompile Include="ImGui\imgui.cpp">
      <Filter>ThirdParty\ImGui</Filter>
    </ClCompile>
    <ClCompile Include="ImGui\imgui_demo.cpp">
      <Filter>ThirdParty\ImGui</Filter>
    </ClCompile>
    <ClCompile Include="ImGui\imgui_draw.cpp">
      <Filter>ThirdParty\ImGui</Filter>
    </ClCompile>
    <ClCompile Include="ImGui\imgui_impl_dx11.cpp">
      <Filter>ThirdParty\ImGui</Filter>
    </ClCompile>
    <ClCompile Include="ImGui\imgui_impl_win32.cpp">
      <Filter>ThirdParty\ImGui</Filter>
    </ClCompile>
    <ClCompile Include="ImGui\imgui_widgets.cpp">
      <Filter>ThirdParty\ImGui</Filter>
    </ClCompile>
    <ClCompile Include="CommandLineProcessor.cpp">
      <Filter>Preprocessing</Filter>
    </ClCompile>
    <ClCompile Include="OpenFileDialog.cpp">
      <Filter>Header Files\Utility</Filter>
    </ClCompile>
    <ClCompile Include="Timer.cpp">
      <Filter>Header Files\Utility</Filter>
    </ClCompile>
    <ClCompile Include="Audio.cpp">
      <Filter>SoundSystem\Audio</Filter>
    </ClCompile>
    <ClCompile Include="ImGuiManager.cpp">
      <Filter>ThirdParty</Filter>
    </ClCompile>
    <ClCompile Include="DXGIInfoManager.cpp">
      <Filter>LogSystem</Filter>
    </ClCompile>
    <ClCompile Include="RedneckException.cpp">
      <Filter>LogSystem\Exceptions</Filter>
    </ClCompile>
    <ClCompile Include="Graphics.cpp">
      <Filter>RenderingSystem</Filter>
    </ClCompile>
    <ClCompile Include="dxerr.cpp">
      <Filter>ThirdParty\DXerr</Filter>
    </ClCompile>
    <ClCompile Include="IBindable.cpp">
      <Filter>Interfaces</Filter>
    </ClCompile>
    <ClCompile Include="Surface.cpp">
      <Filter>Header Files</Filter>
    </ClCompile>
    <ClCompile Include="RedneckUtility.cpp">
      <Filter>Header Files\Utility</Filter>
    </ClCompile>
    <ClCompile Include="Blender.cpp">
      <Filter>Header Files\Bindable</Filter>
    </ClCompile>
    <ClCompile Include="IndexBuffer.cpp">
      <Filter>Header Files\Bindable</Filter>
    </ClCompile>
    <ClCompile Include="InputLayout.cpp">
      <Filter>Header Files\Bindable</Filter>
    </ClCompile>
    <ClCompile Include="PixelShader.cpp">
      <Filter>Header Files\Bindable</Filter>
    </ClCompile>
    <ClCompile Include="Rasterizer.cpp">
      <Filter>Header Files\Bindable</Filter>
    </ClCompile>
    <ClCompile Include="Sampler.cpp">
      <Filter>Header Files\Bindable</Filter>
    </ClCompile>
    <ClCompile Include="Texture.cpp">
      <Filter>Header Files\Bindable</Filter>
    </ClCompile>
    <ClCompile Include="Topology.cpp">
      <Filter>Header Files\Bindable</Filter>
    </ClCompile>
    <ClCompile Include="VertexBuffer.cpp">
      <Filter>Header Files\Bindable</Filter>
    </ClCompile>
    <ClCompile Include="VertexShader.cpp">
      <Filter>Header Files\Bindable</Filter>
    </ClCompile>
    <ClCompile Include="TransformCbuf.cpp">
      <Filter>Header Files\Bindable</Filter>
    </ClCompile>
    <ClCompile Include="Entity.cpp">
      <Filter>Header Files\Drawable</Filter>
    </ClCompile>
    <ClCompile Include="EntityManager.cpp">
      <Filter>Header Files\Drawable</Filter>
    </ClCompile>
    <ClCompile Include="Menu.cpp">
      <Filter>Menu</Filter>
    </ClCompile>
    <ClCompile Include="Mesh.cpp">
      <Filter>Header Files\Drawable</Filter>
    </ClCompile>
    <ClCompile Include="RedneckXM.cpp">
      <Filter>Header Files\Utility</Filter>
    </ClCompile>
    <ClCompile Include="SolidSphere.cpp">
      <Filter>Header Files\Drawable</Filter>
    </ClCompile>
    <ClCompile Include="Camera.cpp">
      <Filter>Header Files</Filter>
    </ClCompile>
    <ClCompile Include="Application.cpp">
      <Filter>Application</Filter>
    </ClCompile>
    <ClCompile Include="TestCube.cpp">
      <Filter>Header Files\Drawable</Filter>
    </ClCompile>
    <ClCompile Include="TransformCbufDoubleBoi.cpp">
      <Filter>Header Files\Bindable</Filter>
    </ClCompile>
    <ClCompile Include="TestPlane.cpp">
      <Filter>Header Files\Drawable</Filter>
    </ClCompile>
    <ClCompile Include="Event.cpp">
      <Filter>Header Files\Events</Filter>
    </ClCompile>
    <ClCompile Include="Drawable.cpp">
      <Filter>Header Files\Drawable</Filter>
    </ClCompile>
    <ClCompile Include="DepthStencil.cpp">
      <Filter>Header Files\Bindable</Filter>
    </ClCompile>
    <ClCompile Include="DDSTextureLoader.cpp">
      <Filter>ThirdParty\TextureLoaders</Filter>
    </ClCompile>
    <ClCompile Include="WICTextureLoader.cpp">
      <Filter>ThirdParty\TextureLoaders</Filter>
    </ClCompile>
    <ClCompile Include="Texture3D.cpp">
      <Filter>Header Files\Bindable</Filter>
    </ClCompile>
    <ClCompile Include="Cubemap.cpp">
      <Filter>Header Files\Drawable</Filter>
    </ClCompile>
    <ClCompile Include="BulletPhysics\BulletCollision\BroadphaseCollision\btAxisSweep3.cpp">
      <Filter>ThirdParty\BulletPhysics</Filter>
    </ClCompile>
    <ClCompile Include="BulletPhysics\BulletCollision\BroadphaseCollision\btBroadphaseProxy.cpp">
      <Filter>ThirdParty\BulletPhysics</Filter>
    </ClCompile>
    <ClCompile Include="BulletPhysics\BulletCollision\BroadphaseCollision\btCollisionAlgorithm.cpp">
      <Filter>ThirdParty\BulletPhysics</Filter>
    </ClCompile>
    <ClCompile Include="BulletPhysics\BulletCollision\BroadphaseCollision\btDbvt.cpp">
      <Filter>ThirdParty\BulletPhysics</Filter>
    </ClCompile>
    <ClCompile Include="BulletPhysics\BulletCollision\BroadphaseCollision\btDbvtBroadphase.cpp">
      <Filter>ThirdParty\BulletPhysics</Filter>
    </ClCompile>
    <ClCompile Include="BulletPhysics\BulletCollision\BroadphaseCollision\btDispatcher.cpp">
      <Filter>ThirdParty\BulletPhysics</Filter>
    </ClCompile>
    <ClCompile Include="BulletPhysics\BulletCollision\BroadphaseCollision\btMultiSapBroadphase.cpp">
      <Filter>ThirdParty\BulletPhysics</Filter>
    </ClCompile>
    <ClCompile Include="BulletPhysics\BulletCollision\BroadphaseCollision\btOverlappingPairCache.cpp">
      <Filter>ThirdParty\BulletPhysics</Filter>
    </ClCompile>
    <ClCompile Include="BulletPhysics\BulletCollision\BroadphaseCollision\btQuantizedBvh.cpp">
      <Filter>ThirdParty\BulletPhysics</Filter>
    </ClCompile>
    <ClCompile Include="BulletPhysics\BulletCollision\BroadphaseCollision\btSimpleBroadphase.cpp">
      <Filter>ThirdParty\BulletPhysics</Filter>
    </ClCompile>
    <ClCompile Include="BulletPhysics\BulletCollision\CollisionDispatch\btActivatingCollisionAlgorithm.cpp">
      <Filter>ThirdParty\BulletPhysics</Filter>
    </ClCompile>
    <ClCompile Include="BulletPhysics\BulletCollision\CollisionDispatch\btBox2dBox2dCollisionAlgorithm.cpp">
      <Filter>ThirdParty\BulletPhysics</Filter>
    </ClCompile>
    <ClCompile Include="BulletPhysics\BulletCollision\CollisionDispatch\btBoxBoxCollisionAlgorithm.cpp">
      <Filter>ThirdParty\BulletPhysics</Filter>
    </ClCompile>
    <ClCompile Include="BulletPhysics\BulletCollision\CollisionDispatch\btBoxBoxDetector.cpp">
      <Filter>ThirdParty\BulletPhysics</Filter>
    </ClCompile>
    <ClCompile Include="BulletPhysics\BulletCollision\CollisionDispatch\btCollisionDispatcher.cpp">
      <Filter>ThirdParty\BulletPhysics</Filter>
    </ClCompile>
    <ClCompile Include="BulletPhysics\BulletCollision\CollisionDispatch\btCollisionObject.cpp">
      <Filter>ThirdParty\BulletPhysics</Filter>
    </ClCompile>
    <ClCompile Include="BulletPhysics\BulletCollision\CollisionDispatch\btCollisionWorld.cpp">
      <Filter>ThirdParty\BulletPhysics</Filter>
    </ClCompile>
    <ClCompile Include="BulletPhysics\BulletCollision\CollisionDispatch\btCompoundCollisionAlgorithm.cpp">
      <Filter>ThirdParty\BulletPhysics</Filter>
    </ClCompile>
    <ClCompile Include="BulletPhysics\BulletCollision\CollisionDispatch\btCompoundCompoundCollisionAlgorithm.cpp">
      <Filter>ThirdParty\BulletPhysics</Filter>
    </ClCompile>
    <ClCompile Include="BulletPhysics\BulletCollision\CollisionDispatch\btConvex2dConvex2dAlgorithm.cpp">
      <Filter>ThirdParty\BulletPhysics</Filter>
    </ClCompile>
    <ClCompile Include="BulletPhysics\BulletCollision\CollisionDispatch\btConvexConcaveCollisionAlgorithm.cpp">
      <Filter>ThirdParty\BulletPhysics</Filter>
    </ClCompile>
    <ClCompile Include="BulletPhysics\BulletCollision\CollisionDispatch\btConvexConvexAlgorithm.cpp">
      <Filter>ThirdParty\BulletPhysics</Filter>
    </ClCompile>
    <ClCompile Include="BulletPhysics\BulletCollision\CollisionDispatch\btConvexPlaneCollisionAlgorithm.cpp">
      <Filter>ThirdParty\BulletPhysics</Filter>
    </ClCompile>
    <ClCompile Include="BulletPhysics\BulletCollision\CollisionDispatch\btDefaultCollisionConfiguration.cpp">
      <Filter>ThirdParty\BulletPhysics</Filter>
    </ClCompile>
    <ClCompile Include="BulletPhysics\BulletCollision\CollisionDispatch\btEmptyCollisionAlgorithm.cpp">
      <Filter>ThirdParty\BulletPhysics</Filter>
    </ClCompile>
    <ClCompile Include="BulletPhysics\BulletCollision\CollisionDispatch\btGhostObject.cpp">
      <Filter>ThirdParty\BulletPhysics</Filter>
    </ClCompile>
    <ClCompile Include="BulletPhysics\BulletCollision\CollisionDispatch\btHashedSimplePairCache.cpp">
      <Filter>ThirdParty\BulletPhysics</Filter>
    </ClCompile>
    <ClCompile Include="BulletPhysics\BulletCollision\CollisionDispatch\btInternalEdgeUtility.cpp">
      <Filter>ThirdParty\BulletPhysics</Filter>
    </ClCompile>
    <ClCompile Include="BulletPhysics\BulletCollision\CollisionDispatch\btManifoldResult.cpp">
      <Filter>ThirdParty\BulletPhysics</Filter>
    </ClCompile>
    <ClCompile Include="BulletPhysics\BulletCollision\CollisionDispatch\btSimulationIslandManager.cpp">
      <Filter>ThirdParty\BulletPhysics</Filter>
    </ClCompile>
    <ClCompile Include="BulletPhysics\BulletCollision\CollisionDispatch\btSphereBoxCollisionAlgorithm.cpp">
      <Filter>ThirdParty\BulletPhysics</Filter>
    </ClCompile>
    <ClCompile Include="BulletPhysics\BulletCollision\CollisionDispatch\btSphereSphereCollisionAlgorithm.cpp">
      <Filter>ThirdParty\BulletPhysics</Filter>
    </ClCompile>
    <ClCompile Include="BulletPhysics\BulletCollision\CollisionDispatch\btSphereTriangleCollisionAlgorithm.cpp">
      <Filter>ThirdParty\BulletPhysics</Filter>
    </ClCompile>
    <ClCompile Include="BulletPhysics\BulletCollision\CollisionDispatch\btUnionFind.cpp">
      <Filter>ThirdParty\BulletPhysics</Filter>
    </ClCompile>
    <ClCompile Include="BulletPhysics\BulletCollision\CollisionDispatch\SphereTriangleDetector.cpp">
      <Filter>ThirdParty\BulletPhysics</Filter>
    </ClCompile>
    <ClCompile Include="BulletPhysics\BulletCollision\CollisionShapes\btBox2dShape.cpp">
      <Filter>ThirdParty\BulletPhysics</Filter>
    </ClCompile>
    <ClCompile Include="BulletPhysics\BulletCollision\CollisionShapes\btBoxShape.cpp">
      <Filter>ThirdParty\BulletPhysics</Filter>
    </ClCompile>
    <ClCompile Include="BulletPhysics\BulletCollision\CollisionShapes\btBvhTriangleMeshShape.cpp">
      <Filter>ThirdParty\BulletPhysics</Filter>
    </ClCompile>
    <ClCompile Include="BulletPhysics\BulletCollision\CollisionShapes\btCapsuleShape.cpp">
      <Filter>ThirdParty\BulletPhysics</Filter>
    </ClCompile>
    <ClCompile Include="BulletPhysics\BulletCollision\CollisionShapes\btCollisionShape.cpp">
      <Filter>ThirdParty\BulletPhysics</Filter>
    </ClCompile>
    <ClCompile Include="BulletPhysics\BulletCollision\CollisionShapes\btCompoundShape.cpp">
      <Filter>ThirdParty\BulletPhysics</Filter>
    </ClCompile>
    <ClCompile Include="BulletPhysics\BulletCollision\CollisionShapes\btConcaveShape.cpp">
      <Filter>ThirdParty\BulletPhysics</Filter>
    </ClCompile>
    <ClCompile Include="BulletPhysics\BulletCollision\CollisionShapes\btConeShape.cpp">
      <Filter>ThirdParty\BulletPhysics</Filter>
    </ClCompile>
    <ClCompile Include="BulletPhysics\BulletCollision\CollisionShapes\btConvex2dShape.cpp">
      <Filter>ThirdParty\BulletPhysics</Filter>
    </ClCompile>
    <ClCompile Include="BulletPhysics\BulletCollision\CollisionShapes\btConvexHullShape.cpp">
      <Filter>ThirdParty\BulletPhysics</Filter>
    </ClCompile>
    <ClCompile Include="BulletPhysics\BulletCollision\CollisionShapes\btConvexInternalShape.cpp">
      <Filter>ThirdParty\BulletPhysics</Filter>
    </ClCompile>
    <ClCompile Include="BulletPhysics\BulletCollision\CollisionShapes\btConvexPointCloudShape.cpp">
      <Filter>ThirdParty\BulletPhysics</Filter>
    </ClCompile>
    <ClCompile Include="BulletPhysics\BulletCollision\CollisionShapes\btConvexPolyhedron.cpp">
      <Filter>ThirdParty\BulletPhysics</Filter>
    </ClCompile>
    <ClCompile Include="BulletPhysics\BulletCollision\CollisionShapes\btConvexShape.cpp">
      <Filter>ThirdParty\BulletPhysics</Filter>
    </ClCompile>
    <ClCompile Include="BulletPhysics\BulletCollision\CollisionShapes\btConvexTriangleMeshShape.cpp">
      <Filter>ThirdParty\BulletPhysics</Filter>
    </ClCompile>
    <ClCompile Include="BulletPhysics\BulletCollision\CollisionShapes\btCylinderShape.cpp">
      <Filter>ThirdParty\BulletPhysics</Filter>
    </ClCompile>
    <ClCompile Include="BulletPhysics\BulletCollision\CollisionShapes\btEmptyShape.cpp">
      <Filter>ThirdParty\BulletPhysics</Filter>
    </ClCompile>
    <ClCompile Include="BulletPhysics\BulletCollision\CollisionShapes\btHeightfieldTerrainShape.cpp">
      <Filter>ThirdParty\BulletPhysics</Filter>
    </ClCompile>
    <ClCompile Include="BulletPhysics\BulletCollision\CollisionShapes\btMinkowskiSumShape.cpp">
      <Filter>ThirdParty\BulletPhysics</Filter>
    </ClCompile>
    <ClCompile Include="BulletPhysics\BulletCollision\CollisionShapes\btMultimaterialTriangleMeshShape.cpp">
      <Filter>ThirdParty\BulletPhysics</Filter>
    </ClCompile>
    <ClCompile Include="BulletPhysics\BulletCollision\CollisionShapes\btMultiSphereShape.cpp">
      <Filter>ThirdParty\BulletPhysics</Filter>
    </ClCompile>
    <ClCompile Include="BulletPhysics\BulletCollision\CollisionShapes\btOptimizedBvh.cpp">
      <Filter>ThirdParty\BulletPhysics</Filter>
    </ClCompile>
    <ClCompile Include="BulletPhysics\BulletCollision\CollisionShapes\btPolyhedralConvexShape.cpp">
      <Filter>ThirdParty\BulletPhysics</Filter>
    </ClCompile>
    <ClCompile Include="BulletPhysics\BulletCollision\CollisionShapes\btScaledBvhTriangleMeshShape.cpp">
      <Filter>ThirdParty\BulletPhysics</Filter>
    </ClCompile>
    <ClCompile Include="BulletPhysics\BulletCollision\CollisionShapes\btShapeHull.cpp">
      <Filter>ThirdParty\BulletPhysics</Filter>
    </ClCompile>
    <ClCompile Include="BulletPhysics\BulletCollision\CollisionShapes\btSphereShape.cpp">
      <Filter>ThirdParty\BulletPhysics</Filter>
    </ClCompile>
    <ClCompile Include="BulletPhysics\BulletCollision\CollisionShapes\btStaticPlaneShape.cpp">
      <Filter>ThirdParty\BulletPhysics</Filter>
    </ClCompile>
    <ClCompile Include="BulletPhysics\BulletCollision\CollisionShapes\btStridingMeshInterface.cpp">
      <Filter>ThirdParty\BulletPhysics</Filter>
    </ClCompile>
    <ClCompile Include="BulletPhysics\BulletCollision\CollisionShapes\btTetrahedronShape.cpp">
      <Filter>ThirdParty\BulletPhysics</Filter>
    </ClCompile>
    <ClCompile Include="BulletPhysics\BulletCollision\CollisionShapes\btTriangleBuffer.cpp">
      <Filter>ThirdParty\BulletPhysics</Filter>
    </ClCompile>
    <ClCompile Include="BulletPhysics\BulletCollision\CollisionShapes\btTriangleCallback.cpp">
      <Filter>ThirdParty\BulletPhysics</Filter>
    </ClCompile>
    <ClCompile Include="BulletPhysics\BulletCollision\CollisionShapes\btTriangleIndexVertexArray.cpp">
      <Filter>ThirdParty\BulletPhysics</Filter>
    </ClCompile>
    <ClCompile Include="BulletPhysics\BulletCollision\CollisionShapes\btTriangleIndexVertexMaterialArray.cpp">
      <Filter>ThirdParty\BulletPhysics</Filter>
    </ClCompile>
    <ClCompile Include="BulletPhysics\BulletCollision\CollisionShapes\btTriangleMesh.cpp">
      <Filter>ThirdParty\BulletPhysics</Filter>
    </ClCompile>
    <ClCompile Include="BulletPhysics\BulletCollision\CollisionShapes\btTriangleMeshShape.cpp">
      <Filter>ThirdParty\BulletPhysics</Filter>
    </ClCompile>
    <ClCompile Include="BulletPhysics\BulletCollision\CollisionShapes\btUniformScalingShape.cpp">
      <Filter>ThirdParty\BulletPhysics</Filter>
    </ClCompile>
    <ClCompile Include="BulletPhysics\BulletCollision\Gimpact\btContactProcessing.cpp">
      <Filter>ThirdParty\BulletPhysics</Filter>
    </ClCompile>
    <ClCompile Include="BulletPhysics\BulletCollision\Gimpact\btGenericPoolAllocator.cpp">
      <Filter>ThirdParty\BulletPhysics</Filter>
    </ClCompile>
    <ClCompile Include="BulletPhysics\BulletCollision\Gimpact\btGImpactBvh.cpp">
      <Filter>ThirdParty\BulletPhysics</Filter>
    </ClCompile>
    <ClCompile Include="BulletPhysics\BulletCollision\Gimpact\btGImpactCollisionAlgorithm.cpp">
      <Filter>ThirdParty\BulletPhysics</Filter>
    </ClCompile>
    <ClCompile Include="BulletPhysics\BulletCollision\Gimpact\btGImpactQuantizedBvh.cpp">
      <Filter>ThirdParty\BulletPhysics</Filter>
    </ClCompile>
    <ClCompile Include="BulletPhysics\BulletCollision\Gimpact\btGImpactShape.cpp">
      <Filter>ThirdParty\BulletPhysics</Filter>
    </ClCompile>
    <ClCompile Include="BulletPhysics\BulletCollision\Gimpact\btTriangleShapeEx.cpp">
      <Filter>ThirdParty\BulletPhysics</Filter>
    </ClCompile>
    <ClCompile Include="BulletPhysics\BulletCollision\Gimpact\gim_box_set.cpp">
      <Filter>ThirdParty\BulletPhysics</Filter>
    </ClCompile>
    <ClCompile Include="BulletPhysics\BulletCollision\Gimpact\gim_contact.cpp">
      <Filter>ThirdParty\BulletPhysics</Filter>
    </ClCompile>
    <ClCompile Include="BulletPhysics\BulletCollision\Gimpact\gim_memory.cpp">
      <Filter>ThirdParty\BulletPhysics</Filter>
    </ClCompile>
    <ClCompile Include="BulletPhysics\BulletCollision\Gimpact\gim_tri_collision.cpp">
      <Filter>ThirdParty\BulletPhysics</Filter>
    </ClCompile>
    <ClCompile Include="BulletPhysics\BulletCollision\NarrowPhaseCollision\btContinuousConvexCollision.cpp">
      <Filter>ThirdParty\BulletPhysics</Filter>
    </ClCompile>
    <ClCompile Include="BulletPhysics\BulletCollision\NarrowPhaseCollision\btConvexCast.cpp">
      <Filter>ThirdParty\BulletPhysics</Filter>
    </ClCompile>
    <ClCompile Include="BulletPhysics\BulletCollision\NarrowPhaseCollision\btGjkConvexCast.cpp">
      <Filter>ThirdParty\BulletPhysics</Filter>
    </ClCompile>
    <ClCompile Include="BulletPhysics\BulletCollision\NarrowPhaseCollision\btGjkEpa2.cpp">
      <Filter>ThirdParty\BulletPhysics</Filter>
    </ClCompile>
    <ClCompile Include="BulletPhysics\BulletCollision\NarrowPhaseCollision\btGjkEpaPenetrationDepthSolver.cpp">
      <Filter>ThirdParty\BulletPhysics</Filter>
    </ClCompile>
    <ClCompile Include="BulletPhysics\BulletCollision\NarrowPhaseCollision\btGjkPairDetector.cpp">
      <Filter>ThirdParty\BulletPhysics</Filter>
    </ClCompile>
    <ClCompile Include="BulletPhysics\BulletCollision\NarrowPhaseCollision\btMinkowskiPenetrationDepthSolver.cpp">
      <Filter>ThirdParty\BulletPhysics</Filter>
    </ClCompile>
    <ClCompile Include="BulletPhysics\BulletCollision\NarrowPhaseCollision\btPersistentManifold.cpp">
      <Filter>ThirdParty\BulletPhysics</Filter>
    </ClCompile>
    <ClCompile Include="BulletPhysics\BulletCollision\NarrowPhaseCollision\btPolyhedralContactClipping.cpp">
      <Filter>ThirdParty\BulletPhysics</Filter>
    </ClCompile>
    <ClCompile Include="BulletPhysics\BulletCollision\NarrowPhaseCollision\btRaycastCallback.cpp">
      <Filter>ThirdParty\BulletPhysics</Filter>
    </ClCompile>
    <ClCompile Include="BulletPhysics\BulletCollision\NarrowPhaseCollision\btSubSimplexConvexCast.cpp">
      <Filter>ThirdParty\BulletPhysics</Filter>
    </ClCompile>
    <ClCompile Include="BulletPhysics\BulletCollision\NarrowPhaseCollision\btVoronoiSimplexSolver.cpp">
      <Filter>ThirdParty\BulletPhysics</Filter>
    </ClCompile>
    <ClCompile Include="BulletPhysics\BulletDynamics\Character\btKinematicCharacterController.cpp">
      <Filter>ThirdParty\BulletPhysics</Filter>
    </ClCompile>
    <ClCompile Include="BulletPhysics\BulletDynamics\ConstraintSolver\btConeTwistConstraint.cpp">
      <Filter>ThirdParty\BulletPhysics</Filter>
    </ClCompile>
    <ClCompile Include="BulletPhysics\BulletDynamics\ConstraintSolver\btContactConstraint.cpp">
      <Filter>ThirdParty\BulletPhysics</Filter>
    </ClCompile>
    <ClCompile Include="BulletPhysics\BulletDynamics\ConstraintSolver\btFixedConstraint.cpp">
      <Filter>ThirdParty\BulletPhysics</Filter>
    </ClCompile>
    <ClCompile Include="BulletPhysics\BulletDynamics\ConstraintSolver\btGearConstraint.cpp">
      <Filter>ThirdParty\BulletPhysics</Filter>
    </ClCompile>
    <ClCompile Include="BulletPhysics\BulletDynamics\ConstraintSolver\btGeneric6DofConstraint.cpp">
      <Filter>ThirdParty\BulletPhysics</Filter>
    </ClCompile>
    <ClCompile Include="BulletPhysics\BulletDynamics\ConstraintSolver\btGeneric6DofSpringConstraint.cpp">
      <Filter>ThirdParty\BulletPhysics</Filter>
    </ClCompile>
    <ClCompile Include="BulletPhysics\BulletDynamics\ConstraintSolver\btHinge2Constraint.cpp">
      <Filter>ThirdParty\BulletPhysics</Filter>
    </ClCompile>
    <ClCompile Include="BulletPhysics\BulletDynamics\ConstraintSolver\btHingeConstraint.cpp">
      <Filter>ThirdParty\BulletPhysics</Filter>
    </ClCompile>
    <ClCompile Include="BulletPhysics\BulletDynamics\ConstraintSolver\btPoint2PointConstraint.cpp">
      <Filter>ThirdParty\BulletPhysics</Filter>
    </ClCompile>
    <ClCompile Include="BulletPhysics\BulletDynamics\ConstraintSolver\btSequentialImpulseConstraintSolver.cpp">
      <Filter>ThirdParty\BulletPhysics</Filter>
    </ClCompile>
    <ClCompile Include="BulletPhysics\BulletDynamics\ConstraintSolver\btSliderConstraint.cpp">
      <Filter>ThirdParty\BulletPhysics</Filter>
    </ClCompile>
    <ClCompile Include="BulletPhysics\BulletDynamics\ConstraintSolver\btSolve2LinearConstraint.cpp">
      <Filter>ThirdParty\BulletPhysics</Filter>
    </ClCompile>
    <ClCompile Include="BulletPhysics\BulletDynamics\ConstraintSolver\btTypedConstraint.cpp">
      <Filter>ThirdParty\BulletPhysics</Filter>
    </ClCompile>
    <ClCompile Include="BulletPhysics\BulletDynamics\ConstraintSolver\btUniversalConstraint.cpp">
      <Filter>ThirdParty\BulletPhysics</Filter>
    </ClCompile>
    <ClCompile Include="BulletPhysics\BulletDynamics\Dynamics\btDiscreteDynamicsWorld.cpp">
      <Filter>ThirdParty\BulletPhysics</Filter>
    </ClCompile>
    <ClCompile Include="BulletPhysics\BulletDynamics\Dynamics\btRigidBody.cpp">
      <Filter>ThirdParty\BulletPhysics</Filter>
    </ClCompile>
    <ClCompile Include="BulletPhysics\BulletDynamics\Dynamics\btSimpleDynamicsWorld.cpp">
      <Filter>ThirdParty\BulletPhysics</Filter>
    </ClCompile>
    <ClCompile Include="BulletPhysics\BulletDynamics\Dynamics\Bullet-C-API.cpp">
      <Filter>ThirdParty\BulletPhysics</Filter>
    </ClCompile>
    <ClCompile Include="BulletPhysics\BulletDynamics\Featherstone\btMultiBody.cpp">
      <Filter>ThirdParty\BulletPhysics</Filter>
    </ClCompile>
    <ClCompile Include="BulletPhysics\BulletDynamics\Featherstone\btMultiBodyConstraint.cpp">
      <Filter>ThirdParty\BulletPhysics</Filter>
    </ClCompile>
    <ClCompile Include="BulletPhysics\BulletDynamics\Featherstone\btMultiBodyConstraintSolver.cpp">
      <Filter>ThirdParty\BulletPhysics</Filter>
    </ClCompile>
    <ClCompile Include="BulletPhysics\BulletDynamics\Featherstone\btMultiBodyDynamicsWorld.cpp">
      <Filter>ThirdParty\BulletPhysics</Filter>
    </ClCompile>
    <ClCompile Include="BulletPhysics\BulletDynamics\Featherstone\btMultiBodyJointLimitConstraint.cpp">
      <Filter>ThirdParty\BulletPhysics</Filter>
    </ClCompile>
    <ClCompile Include="BulletPhysics\BulletDynamics\Featherstone\btMultiBodyJointMotor.cpp">
      <Filter>ThirdParty\BulletPhysics</Filter>
    </ClCompile>
    <ClCompile Include="BulletPhysics\BulletDynamics\Featherstone\btMultiBodyPoint2Point.cpp">
      <Filter>ThirdParty\BulletPhysics</Filter>
    </ClCompile>
    <ClCompile Include="BulletPhysics\BulletDynamics\MLCPSolvers\btDantzigLCP.cpp">
      <Filter>ThirdParty\BulletPhysics</Filter>
    </ClCompile>
    <ClCompile Include="BulletPhysics\BulletDynamics\MLCPSolvers\btMLCPSolver.cpp">
      <Filter>ThirdParty\BulletPhysics</Filter>
    </ClCompile>
    <ClCompile Include="BulletPhysics\BulletDynamics\Vehicle\btRaycastVehicle.cpp">
      <Filter>ThirdParty\BulletPhysics</Filter>
    </ClCompile>
    <ClCompile Include="BulletPhysics\BulletDynamics\Vehicle\btWheelInfo.cpp">
      <Filter>ThirdParty\BulletPhysics</Filter>
    </ClCompile>
    <ClCompile Include="BulletPhysics\BulletSoftBody\btDefaultSoftBodySolver.cpp">
      <Filter>ThirdParty\BulletPhysics</Filter>
    </ClCompile>
    <ClCompile Include="BulletPhysics\BulletSoftBody\btSoftBody.cpp">
      <Filter>ThirdParty\BulletPhysics</Filter>
    </ClCompile>
    <ClCompile Include="BulletPhysics\BulletSoftBody\btSoftBodyConcaveCollisionAlgorithm.cpp">
      <Filter>ThirdParty\BulletPhysics</Filter>
    </ClCompile>
    <ClCompile Include="BulletPhysics\BulletSoftBody\btSoftBodyHelpers.cpp">
      <Filter>ThirdParty\BulletPhysics</Filter>
    </ClCompile>
    <ClCompile Include="BulletPhysics\BulletSoftBody\btSoftBodyRigidBodyCollisionConfiguration.cpp">
      <Filter>ThirdParty\BulletPhysics</Filter>
    </ClCompile>
    <ClCompile Include="BulletPhysics\BulletSoftBody\btSoftRigidCollisionAlgorithm.cpp">
      <Filter>ThirdParty\BulletPhysics</Filter>
    </ClCompile>
    <ClCompile Include="BulletPhysics\BulletSoftBody\btSoftRigidDynamicsWorld.cpp">
      <Filter>ThirdParty\BulletPhysics</Filter>
    </ClCompile>
    <ClCompile Include="BulletPhysics\BulletSoftBody\btSoftSoftCollisionAlgorithm.cpp">
      <Filter>ThirdParty\BulletPhysics</Filter>
    </ClCompile>
    <ClCompile Include="BulletPhysics\LinearMath\btAlignedAllocator.cpp">
      <Filter>ThirdParty\BulletPhysics</Filter>
    </ClCompile>
    <ClCompile Include="BulletPhysics\LinearMath\btConvexHull.cpp">
      <Filter>ThirdParty\BulletPhysics</Filter>
    </ClCompile>
    <ClCompile Include="BulletPhysics\LinearMath\btConvexHullComputer.cpp">
      <Filter>ThirdParty\BulletPhysics</Filter>
    </ClCompile>
    <ClCompile Include="BulletPhysics\LinearMath\btGeometryUtil.cpp">
      <Filter>ThirdParty\BulletPhysics</Filter>
    </ClCompile>
    <ClCompile Include="BulletPhysics\LinearMath\btPolarDecomposition.cpp">
      <Filter>ThirdParty\BulletPhysics</Filter>
    </ClCompile>
    <ClCompile Include="BulletPhysics\LinearMath\btQuickprof.cpp">
      <Filter>ThirdParty\BulletPhysics</Filter>
    </ClCompile>
    <ClCompile Include="BulletPhysics\LinearMath\btSerializer.cpp">
      <Filter>ThirdParty\BulletPhysics</Filter>
    </ClCompile>
    <ClCompile Include="BulletPhysics\LinearMath\btVector3.cpp">
      <Filter>ThirdParty\BulletPhysics</Filter>
    </ClCompile>
    <ClCompile Include="GeometryGenerator.cpp">
      <Filter>Header Files\Geometry</Filter>
    </ClCompile>
    <ClCompile Include="TestCylinder.cpp">
      <Filter>Header Files\Drawable</Filter>
    </ClCompile>
  </ItemGroup>
  <ItemGroup>
    <ClInclude Include="InputSystem.h">
      <Filter>InputSystem</Filter>
    </ClInclude>
    <ClInclude Include="WindowClass.h">
      <Filter>RenderingSystem</Filter>
    </ClInclude>
    <ClInclude Include="ConsoleClass.h">
      <Filter>LogSystem</Filter>
    </ClInclude>
    <ClInclude Include="LogCommon.h">
      <Filter>LogSystem</Filter>
    </ClInclude>
    <ClInclude Include="WindowErrorClass.h">
      <Filter>LogSystem</Filter>
    </ClInclude>
    <ClInclude Include="Singleton.h">
      <Filter>RenderingSystem</Filter>
    </ClInclude>
    <ClInclude Include="EventHandler.h">
      <Filter>Header Files</Filter>
    </ClInclude>
    <ClInclude Include="Graphics.h">
      <Filter>RenderingSystem</Filter>
    </ClInclude>
    <ClInclude Include="IDrawable.h">
      <Filter>Interfaces</Filter>
    </ClInclude>
    <ClInclude Include="IUpdateable.h">
      <Filter>Interfaces</Filter>
    </ClInclude>
    <ClInclude Include="IMenuViewable.h">
      <Filter>Interfaces</Filter>
    </ClInclude>
    <ClInclude Include="CommandLineProcessor.h">
      <Filter>Preprocessing</Filter>
    </ClInclude>
    <ClInclude Include="Vertex.h">
      <Filter>ThirdParty\DynamicStructures</Filter>
    </ClInclude>
    <ClInclude Include="Color.h">
      <Filter>ThirdParty\DynamicStructures</Filter>
    </ClInclude>
    <ClInclude Include="ImGui\imconfig.h">
      <Filter>ThirdParty\ImGui</Filter>
    </ClInclude>
    <ClInclude Include="ImGui\imgui.h">
      <Filter>ThirdParty\ImGui</Filter>
    </ClInclude>
    <ClInclude Include="ImGui\imgui_impl_dx11.h">
      <Filter>ThirdParty\ImGui</Filter>
    </ClInclude>
    <ClInclude Include="ImGui\imgui_impl_win32.h">
      <Filter>ThirdParty\ImGui</Filter>
    </ClInclude>
    <ClInclude Include="ImGui\imgui_internal.h">
      <Filter>ThirdParty\ImGui</Filter>
    </ClInclude>
    <ClInclude Include="ImGui\imstb_rectpack.h">
      <Filter>ThirdParty\ImGui</Filter>
    </ClInclude>
    <ClInclude Include="ImGui\imstb_textedit.h">
      <Filter>ThirdParty\ImGui</Filter>
    </ClInclude>
    <ClInclude Include="ImGui\imstb_truetype.h">
      <Filter>ThirdParty\ImGui</Filter>
    </ClInclude>
    <ClInclude Include="OpenFileDialog.h">
      <Filter>Header Files\Utility</Filter>
    </ClInclude>
    <ClInclude Include="Timer.h">
      <Filter>Header Files\Utility</Filter>
    </ClInclude>
    <ClInclude Include="json.hpp">
      <Filter>ThirdParty\JSON</Filter>
    </ClInclude>
    <ClInclude Include="Audio.h">
      <Filter>SoundSystem\Audio</Filter>
    </ClInclude>
    <ClInclude Include="ImGuiManager.h">
      <Filter>ThirdParty</Filter>
    </ClInclude>
    <ClInclude Include="DXGIInfoManager.h">
      <Filter>LogSystem</Filter>
    </ClInclude>
    <ClInclude Include="GraphicsThrowMacros.h">
      <Filter>LogSystem\Macros</Filter>
    </ClInclude>
    <ClInclude Include="RedneckException.h">
      <Filter>LogSystem\Exceptions</Filter>
    </ClInclude>
    <ClInclude Include="ExceptionMacro.h">
      <Filter>LogSystem\Macros</Filter>
    </ClInclude>
    <ClInclude Include="dxerr.h">
      <Filter>ThirdParty\DXerr</Filter>
    </ClInclude>
    <ClInclude Include="Application.h">
      <Filter>Application</Filter>
    </ClInclude>
    <ClInclude Include="IBindable.h">
      <Filter>Interfaces</Filter>
    </ClInclude>
    <ClInclude Include="CommonD3D.h">
      <Filter>Header Files</Filter>
    </ClInclude>
    <ClInclude Include="BindableCodex.h">
      <Filter>Header Files\Bindable</Filter>
    </ClInclude>
    <ClInclude Include="BindableCommon.h">
      <Filter>Header Files\Bindable</Filter>
    </ClInclude>
    <ClInclude Include="Blender.h">
      <Filter>Header Files\Bindable</Filter>
    </ClInclude>
    <ClInclude Include="ConstantBuffers.h">
      <Filter>Header Files\Bindable</Filter>
    </ClInclude>
    <ClInclude Include="IndexBuffer.h">
      <Filter>Header Files\Bindable</Filter>
    </ClInclude>
    <ClInclude Include="PixelShader.h">
      <Filter>Header Files\Bindable</Filter>
    </ClInclude>
    <ClInclude Include="Rasterizer.h">
      <Filter>Header Files\Bindable</Filter>
    </ClInclude>
    <ClInclude Include="Sampler.h">
      <Filter>Header Files\Bindable</Filter>
    </ClInclude>
    <ClInclude Include="Texture.h">
      <Filter>Header Files\Bindable</Filter>
    </ClInclude>
    <ClInclude Include="Topology.h">
      <Filter>Header Files\Bindable</Filter>
    </ClInclude>
    <ClInclude Include="VertexBuffer.h">
      <Filter>Header Files\Bindable</Filter>
    </ClInclude>
    <ClInclude Include="VertexShader.h">
      <Filter>Header Files\Bindable</Filter>
    </ClInclude>
    <ClInclude Include="Surface.h">
      <Filter>Header Files</Filter>
    </ClInclude>
    <ClInclude Include="Math.h">
      <Filter>Header Files\Utility</Filter>
    </ClInclude>
    <ClInclude Include="Common.h">
      <Filter>Header Files</Filter>
    </ClInclude>
    <ClInclude Include="RedneckUtility.h">
      <Filter>Header Files\Utility</Filter>
    </ClInclude>
    <ClInclude Include="InputLayout.h">
      <Filter>Header Files\Bindable</Filter>
    </ClInclude>
    <ClInclude Include="IndexedTriangleList.h">
      <Filter>Header Files\Geometry</Filter>
    </ClInclude>
    <ClInclude Include="Cube.h">
      <Filter>Header Files\Geometry</Filter>
    </ClInclude>
    <ClInclude Include="Plane.h">
      <Filter>Header Files\Geometry</Filter>
    </ClInclude>
    <ClInclude Include="Sphere.h">
      <Filter>Header Files\Geometry</Filter>
    </ClInclude>
    <ClInclude Include="EntityManager.h">
      <Filter>Header Files\Drawable</Filter>
    </ClInclude>
    <ClInclude Include="Entity.h">
      <Filter>Header Files\Drawable</Filter>
    </ClInclude>
    <ClInclude Include="Menu.h">
      <Filter>Menu</Filter>
    </ClInclude>
    <ClInclude Include="TransformCbuf.h">
      <Filter>Header Files\Bindable</Filter>
    </ClInclude>
    <ClInclude Include="Mesh.h">
      <Filter>Header Files\Drawable</Filter>
    </ClInclude>
    <ClInclude Include="SolidSphere.h">
      <Filter>Header Files\Drawable</Filter>
    </ClInclude>
    <ClInclude Include="Camera.h">
      <Filter>Header Files</Filter>
    </ClInclude>
    <ClInclude Include="RedneckXM.h">
      <Filter>Header Files\Utility</Filter>
    </ClInclude>
    <ClInclude Include="TestCube.h">
      <Filter>Header Files\Drawable</Filter>
    </ClInclude>
    <ClInclude Include="TransformCbufDoubleBoi.h">
      <Filter>Header Files\Bindable</Filter>
    </ClInclude>
    <ClInclude Include="TestPlane.h">
      <Filter>Header Files\Drawable</Filter>
    </ClInclude>
    <ClInclude Include="IUID.h">
      <Filter>Interfaces</Filter>
    </ClInclude>
    <ClInclude Include="Event.h">
      <Filter>Header Files\Events</Filter>
    </ClInclude>
    <ClInclude Include="KeyboardEvents.h">
      <Filter>Header Files\Events</Filter>
    </ClInclude>
    <ClInclude Include="WindowEvents.h">
      <Filter>Header Files\Events</Filter>
    </ClInclude>
    <ClInclude Include="MouseEvents.h">
      <Filter>Header Files\Events</Filter>
    </ClInclude>
    <ClInclude Include="Drawable.h">
      <Filter>Header Files\Drawable</Filter>
    </ClInclude>
    <ClInclude Include="Cubemap.h">
      <Filter>Header Files\Drawable</Filter>
    </ClInclude>
    <ClInclude Include="DepthStencil.h">
      <Filter>Header Files\Bindable</Filter>
    </ClInclude>
    <ClInclude Include="DDSTextureLoader.h">
      <Filter>ThirdParty\TextureLoaders</Filter>
    </ClInclude>
    <ClInclude Include="WICTextureLoader.h">
      <Filter>ThirdParty\TextureLoaders</Filter>
    </ClInclude>
    <ClInclude Include="Texture3D.h">
      <Filter>Header Files\Bindable</Filter>
    </ClInclude>
    <ClInclude Include="PhysicsEntity.h">
      <Filter>PhysicsSystem</Filter>
    </ClInclude>
    <ClInclude Include="BulletPhysics\BulletCollision\BroadphaseCollision\btAxisSweep3.h">
      <Filter>ThirdParty\BulletPhysics</Filter>
    </ClInclude>
    <ClInclude Include="BulletPhysics\BulletCollision\BroadphaseCollision\btBroadphaseInterface.h">
      <Filter>ThirdParty\BulletPhysics</Filter>
    </ClInclude>
    <ClInclude Include="BulletPhysics\BulletCollision\BroadphaseCollision\btBroadphaseProxy.h">
      <Filter>ThirdParty\BulletPhysics</Filter>
    </ClInclude>
    <ClInclude Include="BulletPhysics\BulletCollision\BroadphaseCollision\btCollisionAlgorithm.h">
      <Filter>ThirdParty\BulletPhysics</Filter>
    </ClInclude>
    <ClInclude Include="BulletPhysics\BulletCollision\BroadphaseCollision\btDbvt.h">
      <Filter>ThirdParty\BulletPhysics</Filter>
    </ClInclude>
    <ClInclude Include="BulletPhysics\BulletCollision\BroadphaseCollision\btDbvtBroadphase.h">
      <Filter>ThirdParty\BulletPhysics</Filter>
    </ClInclude>
    <ClInclude Include="BulletPhysics\BulletCollision\BroadphaseCollision\btDispatcher.h">
      <Filter>ThirdParty\BulletPhysics</Filter>
    </ClInclude>
    <ClInclude Include="BulletPhysics\BulletCollision\BroadphaseCollision\btMultiSapBroadphase.h">
      <Filter>ThirdParty\BulletPhysics</Filter>
    </ClInclude>
    <ClInclude Include="BulletPhysics\BulletCollision\BroadphaseCollision\btOverlappingPairCache.h">
      <Filter>ThirdParty\BulletPhysics</Filter>
    </ClInclude>
    <ClInclude Include="BulletPhysics\BulletCollision\BroadphaseCollision\btOverlappingPairCallback.h">
      <Filter>ThirdParty\BulletPhysics</Filter>
    </ClInclude>
    <ClInclude Include="BulletPhysics\BulletCollision\BroadphaseCollision\btQuantizedBvh.h">
      <Filter>ThirdParty\BulletPhysics</Filter>
    </ClInclude>
    <ClInclude Include="BulletPhysics\BulletCollision\BroadphaseCollision\btSimpleBroadphase.h">
      <Filter>ThirdParty\BulletPhysics</Filter>
    </ClInclude>
    <ClInclude Include="BulletPhysics\BulletCollision\CollisionDispatch\btActivatingCollisionAlgorithm.h">
      <Filter>ThirdParty\BulletPhysics</Filter>
    </ClInclude>
    <ClInclude Include="BulletPhysics\BulletCollision\CollisionDispatch\btBox2dBox2dCollisionAlgorithm.h">
      <Filter>ThirdParty\BulletPhysics</Filter>
    </ClInclude>
    <ClInclude Include="BulletPhysics\BulletCollision\CollisionDispatch\btBoxBoxCollisionAlgorithm.h">
      <Filter>ThirdParty\BulletPhysics</Filter>
    </ClInclude>
    <ClInclude Include="BulletPhysics\BulletCollision\CollisionDispatch\btBoxBoxDetector.h">
      <Filter>ThirdParty\BulletPhysics</Filter>
    </ClInclude>
    <ClInclude Include="BulletPhysics\BulletCollision\CollisionDispatch\btCollisionConfiguration.h">
      <Filter>ThirdParty\BulletPhysics</Filter>
    </ClInclude>
    <ClInclude Include="BulletPhysics\BulletCollision\CollisionDispatch\btCollisionCreateFunc.h">
      <Filter>ThirdParty\BulletPhysics</Filter>
    </ClInclude>
    <ClInclude Include="BulletPhysics\BulletCollision\CollisionDispatch\btCollisionDispatcher.h">
      <Filter>ThirdParty\BulletPhysics</Filter>
    </ClInclude>
    <ClInclude Include="BulletPhysics\BulletCollision\CollisionDispatch\btCollisionObject.h">
      <Filter>ThirdParty\BulletPhysics</Filter>
    </ClInclude>
    <ClInclude Include="BulletPhysics\BulletCollision\CollisionDispatch\btCollisionObjectWrapper.h">
      <Filter>ThirdParty\BulletPhysics</Filter>
    </ClInclude>
    <ClInclude Include="BulletPhysics\BulletCollision\CollisionDispatch\btCollisionWorld.h">
      <Filter>ThirdParty\BulletPhysics</Filter>
    </ClInclude>
    <ClInclude Include="BulletPhysics\BulletCollision\CollisionDispatch\btCompoundCollisionAlgorithm.h">
      <Filter>ThirdParty\BulletPhysics</Filter>
    </ClInclude>
    <ClInclude Include="BulletPhysics\BulletCollision\CollisionDispatch\btCompoundCompoundCollisionAlgorithm.h">
      <Filter>ThirdParty\BulletPhysics</Filter>
    </ClInclude>
    <ClInclude Include="BulletPhysics\BulletCollision\CollisionDispatch\btConvex2dConvex2dAlgorithm.h">
      <Filter>ThirdParty\BulletPhysics</Filter>
    </ClInclude>
    <ClInclude Include="BulletPhysics\BulletCollision\CollisionDispatch\btConvexConcaveCollisionAlgorithm.h">
      <Filter>ThirdParty\BulletPhysics</Filter>
    </ClInclude>
    <ClInclude Include="BulletPhysics\BulletCollision\CollisionDispatch\btConvexConvexAlgorithm.h">
      <Filter>ThirdParty\BulletPhysics</Filter>
    </ClInclude>
    <ClInclude Include="BulletPhysics\BulletCollision\CollisionDispatch\btConvexPlaneCollisionAlgorithm.h">
      <Filter>ThirdParty\BulletPhysics</Filter>
    </ClInclude>
    <ClInclude Include="BulletPhysics\BulletCollision\CollisionDispatch\btDefaultCollisionConfiguration.h">
      <Filter>ThirdParty\BulletPhysics</Filter>
    </ClInclude>
    <ClInclude Include="BulletPhysics\BulletCollision\CollisionDispatch\btEmptyCollisionAlgorithm.h">
      <Filter>ThirdParty\BulletPhysics</Filter>
    </ClInclude>
    <ClInclude Include="BulletPhysics\BulletCollision\CollisionDispatch\btGhostObject.h">
      <Filter>ThirdParty\BulletPhysics</Filter>
    </ClInclude>
    <ClInclude Include="BulletPhysics\BulletCollision\CollisionDispatch\btHashedSimplePairCache.h">
      <Filter>ThirdParty\BulletPhysics</Filter>
    </ClInclude>
    <ClInclude Include="BulletPhysics\BulletCollision\CollisionDispatch\btInternalEdgeUtility.h">
      <Filter>ThirdParty\BulletPhysics</Filter>
    </ClInclude>
    <ClInclude Include="BulletPhysics\BulletCollision\CollisionDispatch\btManifoldResult.h">
      <Filter>ThirdParty\BulletPhysics</Filter>
    </ClInclude>
    <ClInclude Include="BulletPhysics\BulletCollision\CollisionDispatch\btSimulationIslandManager.h">
      <Filter>ThirdParty\BulletPhysics</Filter>
    </ClInclude>
    <ClInclude Include="BulletPhysics\BulletCollision\CollisionDispatch\btSphereBoxCollisionAlgorithm.h">
      <Filter>ThirdParty\BulletPhysics</Filter>
    </ClInclude>
    <ClInclude Include="BulletPhysics\BulletCollision\CollisionDispatch\btSphereSphereCollisionAlgorithm.h">
      <Filter>ThirdParty\BulletPhysics</Filter>
    </ClInclude>
    <ClInclude Include="BulletPhysics\BulletCollision\CollisionDispatch\btSphereTriangleCollisionAlgorithm.h">
      <Filter>ThirdParty\BulletPhysics</Filter>
    </ClInclude>
    <ClInclude Include="BulletPhysics\BulletCollision\CollisionDispatch\btUnionFind.h">
      <Filter>ThirdParty\BulletPhysics</Filter>
    </ClInclude>
    <ClInclude Include="BulletPhysics\BulletCollision\CollisionDispatch\SphereTriangleDetector.h">
      <Filter>ThirdParty\BulletPhysics</Filter>
    </ClInclude>
    <ClInclude Include="BulletPhysics\BulletCollision\CollisionShapes\btBox2dShape.h">
      <Filter>ThirdParty\BulletPhysics</Filter>
    </ClInclude>
    <ClInclude Include="BulletPhysics\BulletCollision\CollisionShapes\btBoxShape.h">
      <Filter>ThirdParty\BulletPhysics</Filter>
    </ClInclude>
    <ClInclude Include="BulletPhysics\BulletCollision\CollisionShapes\btBvhTriangleMeshShape.h">
      <Filter>ThirdParty\BulletPhysics</Filter>
    </ClInclude>
    <ClInclude Include="BulletPhysics\BulletCollision\CollisionShapes\btCapsuleShape.h">
      <Filter>ThirdParty\BulletPhysics</Filter>
    </ClInclude>
    <ClInclude Include="BulletPhysics\BulletCollision\CollisionShapes\btCollisionMargin.h">
      <Filter>ThirdParty\BulletPhysics</Filter>
    </ClInclude>
    <ClInclude Include="BulletPhysics\BulletCollision\CollisionShapes\btCollisionShape.h">
      <Filter>ThirdParty\BulletPhysics</Filter>
    </ClInclude>
    <ClInclude Include="BulletPhysics\BulletCollision\CollisionShapes\btCompoundShape.h">
      <Filter>ThirdParty\BulletPhysics</Filter>
    </ClInclude>
    <ClInclude Include="BulletPhysics\BulletCollision\CollisionShapes\btConcaveShape.h">
      <Filter>ThirdParty\BulletPhysics</Filter>
    </ClInclude>
    <ClInclude Include="BulletPhysics\BulletCollision\CollisionShapes\btConeShape.h">
      <Filter>ThirdParty\BulletPhysics</Filter>
    </ClInclude>
    <ClInclude Include="BulletPhysics\BulletCollision\CollisionShapes\btConvex2dShape.h">
      <Filter>ThirdParty\BulletPhysics</Filter>
    </ClInclude>
    <ClInclude Include="BulletPhysics\BulletCollision\CollisionShapes\btConvexHullShape.h">
      <Filter>ThirdParty\BulletPhysics</Filter>
    </ClInclude>
    <ClInclude Include="BulletPhysics\BulletCollision\CollisionShapes\btConvexInternalShape.h">
      <Filter>ThirdParty\BulletPhysics</Filter>
    </ClInclude>
    <ClInclude Include="BulletPhysics\BulletCollision\CollisionShapes\btConvexPointCloudShape.h">
      <Filter>ThirdParty\BulletPhysics</Filter>
    </ClInclude>
    <ClInclude Include="BulletPhysics\BulletCollision\CollisionShapes\btConvexPolyhedron.h">
      <Filter>ThirdParty\BulletPhysics</Filter>
    </ClInclude>
    <ClInclude Include="BulletPhysics\BulletCollision\CollisionShapes\btConvexShape.h">
      <Filter>ThirdParty\BulletPhysics</Filter>
    </ClInclude>
    <ClInclude Include="BulletPhysics\BulletCollision\CollisionShapes\btConvexTriangleMeshShape.h">
      <Filter>ThirdParty\BulletPhysics</Filter>
    </ClInclude>
    <ClInclude Include="BulletPhysics\BulletCollision\CollisionShapes\btCylinderShape.h">
      <Filter>ThirdParty\BulletPhysics</Filter>
    </ClInclude>
    <ClInclude Include="BulletPhysics\BulletCollision\CollisionShapes\btEmptyShape.h">
      <Filter>ThirdParty\BulletPhysics</Filter>
    </ClInclude>
    <ClInclude Include="BulletPhysics\BulletCollision\CollisionShapes\btHeightfieldTerrainShape.h">
      <Filter>ThirdParty\BulletPhysics</Filter>
    </ClInclude>
    <ClInclude Include="BulletPhysics\BulletCollision\CollisionShapes\btMaterial.h">
      <Filter>ThirdParty\BulletPhysics</Filter>
    </ClInclude>
    <ClInclude Include="BulletPhysics\BulletCollision\CollisionShapes\btMinkowskiSumShape.h">
      <Filter>ThirdParty\BulletPhysics</Filter>
    </ClInclude>
    <ClInclude Include="BulletPhysics\BulletCollision\CollisionShapes\btMultimaterialTriangleMeshShape.h">
      <Filter>ThirdParty\BulletPhysics</Filter>
    </ClInclude>
    <ClInclude Include="BulletPhysics\BulletCollision\CollisionShapes\btMultiSphereShape.h">
      <Filter>ThirdParty\BulletPhysics</Filter>
    </ClInclude>
    <ClInclude Include="BulletPhysics\BulletCollision\CollisionShapes\btOptimizedBvh.h">
      <Filter>ThirdParty\BulletPhysics</Filter>
    </ClInclude>
    <ClInclude Include="BulletPhysics\BulletCollision\CollisionShapes\btPolyhedralConvexShape.h">
      <Filter>ThirdParty\BulletPhysics</Filter>
    </ClInclude>
    <ClInclude Include="BulletPhysics\BulletCollision\CollisionShapes\btScaledBvhTriangleMeshShape.h">
      <Filter>ThirdParty\BulletPhysics</Filter>
    </ClInclude>
    <ClInclude Include="BulletPhysics\BulletCollision\CollisionShapes\btShapeHull.h">
      <Filter>ThirdParty\BulletPhysics</Filter>
    </ClInclude>
    <ClInclude Include="BulletPhysics\BulletCollision\CollisionShapes\btSphereShape.h">
      <Filter>ThirdParty\BulletPhysics</Filter>
    </ClInclude>
    <ClInclude Include="BulletPhysics\BulletCollision\CollisionShapes\btStaticPlaneShape.h">
      <Filter>ThirdParty\BulletPhysics</Filter>
    </ClInclude>
    <ClInclude Include="BulletPhysics\BulletCollision\CollisionShapes\btStridingMeshInterface.h">
      <Filter>ThirdParty\BulletPhysics</Filter>
    </ClInclude>
    <ClInclude Include="BulletPhysics\BulletCollision\CollisionShapes\btTetrahedronShape.h">
      <Filter>ThirdParty\BulletPhysics</Filter>
    </ClInclude>
    <ClInclude Include="BulletPhysics\BulletCollision\CollisionShapes\btTriangleBuffer.h">
      <Filter>ThirdParty\BulletPhysics</Filter>
    </ClInclude>
    <ClInclude Include="BulletPhysics\BulletCollision\CollisionShapes\btTriangleCallback.h">
      <Filter>ThirdParty\BulletPhysics</Filter>
    </ClInclude>
    <ClInclude Include="BulletPhysics\BulletCollision\CollisionShapes\btTriangleIndexVertexArray.h">
      <Filter>ThirdParty\BulletPhysics</Filter>
    </ClInclude>
    <ClInclude Include="BulletPhysics\BulletCollision\CollisionShapes\btTriangleIndexVertexMaterialArray.h">
      <Filter>ThirdParty\BulletPhysics</Filter>
    </ClInclude>
    <ClInclude Include="BulletPhysics\BulletCollision\CollisionShapes\btTriangleInfoMap.h">
      <Filter>ThirdParty\BulletPhysics</Filter>
    </ClInclude>
    <ClInclude Include="BulletPhysics\BulletCollision\CollisionShapes\btTriangleMesh.h">
      <Filter>ThirdParty\BulletPhysics</Filter>
    </ClInclude>
    <ClInclude Include="BulletPhysics\BulletCollision\CollisionShapes\btTriangleMeshShape.h">
      <Filter>ThirdParty\BulletPhysics</Filter>
    </ClInclude>
    <ClInclude Include="BulletPhysics\BulletCollision\CollisionShapes\btTriangleShape.h">
      <Filter>ThirdParty\BulletPhysics</Filter>
    </ClInclude>
    <ClInclude Include="BulletPhysics\BulletCollision\CollisionShapes\btUniformScalingShape.h">
      <Filter>ThirdParty\BulletPhysics</Filter>
    </ClInclude>
    <ClInclude Include="BulletPhysics\BulletCollision\Gimpact\btBoxCollision.h">
      <Filter>ThirdParty\BulletPhysics</Filter>
    </ClInclude>
    <ClInclude Include="BulletPhysics\BulletCollision\Gimpact\btClipPolygon.h">
      <Filter>ThirdParty\BulletPhysics</Filter>
    </ClInclude>
    <ClInclude Include="BulletPhysics\BulletCollision\Gimpact\btCompoundFromGimpact.h">
      <Filter>ThirdParty\BulletPhysics</Filter>
    </ClInclude>
    <ClInclude Include="BulletPhysics\BulletCollision\Gimpact\btContactProcessing.h">
      <Filter>ThirdParty\BulletPhysics</Filter>
    </ClInclude>
    <ClInclude Include="BulletPhysics\BulletCollision\Gimpact\btGenericPoolAllocator.h">
      <Filter>ThirdParty\BulletPhysics</Filter>
    </ClInclude>
    <ClInclude Include="BulletPhysics\BulletCollision\Gimpact\btGeometryOperations.h">
      <Filter>ThirdParty\BulletPhysics</Filter>
    </ClInclude>
    <ClInclude Include="BulletPhysics\BulletCollision\Gimpact\btGImpactBvh.h">
      <Filter>ThirdParty\BulletPhysics</Filter>
    </ClInclude>
    <ClInclude Include="BulletPhysics\BulletCollision\Gimpact\btGImpactCollisionAlgorithm.h">
      <Filter>ThirdParty\BulletPhysics</Filter>
    </ClInclude>
    <ClInclude Include="BulletPhysics\BulletCollision\Gimpact\btGImpactMassUtil.h">
      <Filter>ThirdParty\BulletPhysics</Filter>
    </ClInclude>
    <ClInclude Include="BulletPhysics\BulletCollision\Gimpact\btGImpactQuantizedBvh.h">
      <Filter>ThirdParty\BulletPhysics</Filter>
    </ClInclude>
    <ClInclude Include="BulletPhysics\BulletCollision\Gimpact\btGImpactShape.h">
      <Filter>ThirdParty\BulletPhysics</Filter>
    </ClInclude>
    <ClInclude Include="BulletPhysics\BulletCollision\Gimpact\btQuantization.h">
      <Filter>ThirdParty\BulletPhysics</Filter>
    </ClInclude>
    <ClInclude Include="BulletPhysics\BulletCollision\Gimpact\btTriangleShapeEx.h">
      <Filter>ThirdParty\BulletPhysics</Filter>
    </ClInclude>
    <ClInclude Include="BulletPhysics\BulletCollision\Gimpact\gim_array.h">
      <Filter>ThirdParty\BulletPhysics</Filter>
    </ClInclude>
    <ClInclude Include="BulletPhysics\BulletCollision\Gimpact\gim_basic_geometry_operations.h">
      <Filter>ThirdParty\BulletPhysics</Filter>
    </ClInclude>
    <ClInclude Include="BulletPhysics\BulletCollision\Gimpact\gim_bitset.h">
      <Filter>ThirdParty\BulletPhysics</Filter>
    </ClInclude>
    <ClInclude Include="BulletPhysics\BulletCollision\Gimpact\gim_box_collision.h">
      <Filter>ThirdParty\BulletPhysics</Filter>
    </ClInclude>
    <ClInclude Include="BulletPhysics\BulletCollision\Gimpact\gim_box_set.h">
      <Filter>ThirdParty\BulletPhysics</Filter>
    </ClInclude>
    <ClInclude Include="BulletPhysics\BulletCollision\Gimpact\gim_clip_polygon.h">
      <Filter>ThirdParty\BulletPhysics</Filter>
    </ClInclude>
    <ClInclude Include="BulletPhysics\BulletCollision\Gimpact\gim_contact.h">
      <Filter>ThirdParty\BulletPhysics</Filter>
    </ClInclude>
    <ClInclude Include="BulletPhysics\BulletCollision\Gimpact\gim_geom_types.h">
      <Filter>ThirdParty\BulletPhysics</Filter>
    </ClInclude>
    <ClInclude Include="BulletPhysics\BulletCollision\Gimpact\gim_geometry.h">
      <Filter>ThirdParty\BulletPhysics</Filter>
    </ClInclude>
    <ClInclude Include="BulletPhysics\BulletCollision\Gimpact\gim_hash_table.h">
      <Filter>ThirdParty\BulletPhysics</Filter>
    </ClInclude>
    <ClInclude Include="BulletPhysics\BulletCollision\Gimpact\gim_linear_math.h">
      <Filter>ThirdParty\BulletPhysics</Filter>
    </ClInclude>
    <ClInclude Include="BulletPhysics\BulletCollision\Gimpact\gim_math.h">
      <Filter>ThirdParty\BulletPhysics</Filter>
    </ClInclude>
    <ClInclude Include="BulletPhysics\BulletCollision\Gimpact\gim_memory.h">
      <Filter>ThirdParty\BulletPhysics</Filter>
    </ClInclude>
    <ClInclude Include="BulletPhysics\BulletCollision\Gimpact\gim_radixsort.h">
      <Filter>ThirdParty\BulletPhysics</Filter>
    </ClInclude>
    <ClInclude Include="BulletPhysics\BulletCollision\Gimpact\gim_tri_collision.h">
      <Filter>ThirdParty\BulletPhysics</Filter>
    </ClInclude>
    <ClInclude Include="BulletPhysics\BulletCollision\NarrowPhaseCollision\btContinuousConvexCollision.h">
      <Filter>ThirdParty\BulletPhysics</Filter>
    </ClInclude>
    <ClInclude Include="BulletPhysics\BulletCollision\NarrowPhaseCollision\btConvexCast.h">
      <Filter>ThirdParty\BulletPhysics</Filter>
    </ClInclude>
    <ClInclude Include="BulletPhysics\BulletCollision\NarrowPhaseCollision\btConvexPenetrationDepthSolver.h">
      <Filter>ThirdParty\BulletPhysics</Filter>
    </ClInclude>
    <ClInclude Include="BulletPhysics\BulletCollision\NarrowPhaseCollision\btDiscreteCollisionDetectorInterface.h">
      <Filter>ThirdParty\BulletPhysics</Filter>
    </ClInclude>
    <ClInclude Include="BulletPhysics\BulletCollision\NarrowPhaseCollision\btGjkConvexCast.h">
      <Filter>ThirdParty\BulletPhysics</Filter>
    </ClInclude>
    <ClInclude Include="BulletPhysics\BulletCollision\NarrowPhaseCollision\btGjkEpa2.h">
      <Filter>ThirdParty\BulletPhysics</Filter>
    </ClInclude>
    <ClInclude Include="BulletPhysics\BulletCollision\NarrowPhaseCollision\btGjkEpaPenetrationDepthSolver.h">
      <Filter>ThirdParty\BulletPhysics</Filter>
    </ClInclude>
    <ClInclude Include="BulletPhysics\BulletCollision\NarrowPhaseCollision\btGjkPairDetector.h">
      <Filter>ThirdParty\BulletPhysics</Filter>
    </ClInclude>
    <ClInclude Include="BulletPhysics\BulletCollision\NarrowPhaseCollision\btManifoldPoint.h">
      <Filter>ThirdParty\BulletPhysics</Filter>
    </ClInclude>
    <ClInclude Include="BulletPhysics\BulletCollision\NarrowPhaseCollision\btMinkowskiPenetrationDepthSolver.h">
      <Filter>ThirdParty\BulletPhysics</Filter>
    </ClInclude>
    <ClInclude Include="BulletPhysics\BulletCollision\NarrowPhaseCollision\btPersistentManifold.h">
      <Filter>ThirdParty\BulletPhysics</Filter>
    </ClInclude>
    <ClInclude Include="BulletPhysics\BulletCollision\NarrowPhaseCollision\btPointCollector.h">
      <Filter>ThirdParty\BulletPhysics</Filter>
    </ClInclude>
    <ClInclude Include="BulletPhysics\BulletCollision\NarrowPhaseCollision\btPolyhedralContactClipping.h">
      <Filter>ThirdParty\BulletPhysics</Filter>
    </ClInclude>
    <ClInclude Include="BulletPhysics\BulletCollision\NarrowPhaseCollision\btRaycastCallback.h">
      <Filter>ThirdParty\BulletPhysics</Filter>
    </ClInclude>
    <ClInclude Include="BulletPhysics\BulletCollision\NarrowPhaseCollision\btSimplexSolverInterface.h">
      <Filter>ThirdParty\BulletPhysics</Filter>
    </ClInclude>
    <ClInclude Include="BulletPhysics\BulletCollision\NarrowPhaseCollision\btSubSimplexConvexCast.h">
      <Filter>ThirdParty\BulletPhysics</Filter>
    </ClInclude>
    <ClInclude Include="BulletPhysics\BulletCollision\NarrowPhaseCollision\btVoronoiSimplexSolver.h">
      <Filter>ThirdParty\BulletPhysics</Filter>
    </ClInclude>
    <ClInclude Include="BulletPhysics\BulletDynamics\Character\btCharacterControllerInterface.h">
      <Filter>ThirdParty\BulletPhysics</Filter>
    </ClInclude>
    <ClInclude Include="BulletPhysics\BulletDynamics\Character\btKinematicCharacterController.h">
      <Filter>ThirdParty\BulletPhysics</Filter>
    </ClInclude>
    <ClInclude Include="BulletPhysics\BulletDynamics\ConstraintSolver\btConeTwistConstraint.h">
      <Filter>ThirdParty\BulletPhysics</Filter>
    </ClInclude>
    <ClInclude Include="BulletPhysics\BulletDynamics\ConstraintSolver\btConstraintSolver.h">
      <Filter>ThirdParty\BulletPhysics</Filter>
    </ClInclude>
    <ClInclude Include="BulletPhysics\BulletDynamics\ConstraintSolver\btContactConstraint.h">
      <Filter>ThirdParty\BulletPhysics</Filter>
    </ClInclude>
    <ClInclude Include="BulletPhysics\BulletDynamics\ConstraintSolver\btContactSolverInfo.h">
      <Filter>ThirdParty\BulletPhysics</Filter>
    </ClInclude>
    <ClInclude Include="BulletPhysics\BulletDynamics\ConstraintSolver\btFixedConstraint.h">
      <Filter>ThirdParty\BulletPhysics</Filter>
    </ClInclude>
    <ClInclude Include="BulletPhysics\BulletDynamics\ConstraintSolver\btGearConstraint.h">
      <Filter>ThirdParty\BulletPhysics</Filter>
    </ClInclude>
    <ClInclude Include="BulletPhysics\BulletDynamics\ConstraintSolver\btGeneric6DofConstraint.h">
      <Filter>ThirdParty\BulletPhysics</Filter>
    </ClInclude>
    <ClInclude Include="BulletPhysics\BulletDynamics\ConstraintSolver\btGeneric6DofSpringConstraint.h">
      <Filter>ThirdParty\BulletPhysics</Filter>
    </ClInclude>
    <ClInclude Include="BulletPhysics\BulletDynamics\ConstraintSolver\btHinge2Constraint.h">
      <Filter>ThirdParty\BulletPhysics</Filter>
    </ClInclude>
    <ClInclude Include="BulletPhysics\BulletDynamics\ConstraintSolver\btHingeConstraint.h">
      <Filter>ThirdParty\BulletPhysics</Filter>
    </ClInclude>
    <ClInclude Include="BulletPhysics\BulletDynamics\ConstraintSolver\btJacobianEntry.h">
      <Filter>ThirdParty\BulletPhysics</Filter>
    </ClInclude>
    <ClInclude Include="BulletPhysics\BulletDynamics\ConstraintSolver\btPoint2PointConstraint.h">
      <Filter>ThirdParty\BulletPhysics</Filter>
    </ClInclude>
    <ClInclude Include="BulletPhysics\BulletDynamics\ConstraintSolver\btSequentialImpulseConstraintSolver.h">
      <Filter>ThirdParty\BulletPhysics</Filter>
    </ClInclude>
    <ClInclude Include="BulletPhysics\BulletDynamics\ConstraintSolver\btSliderConstraint.h">
      <Filter>ThirdParty\BulletPhysics</Filter>
    </ClInclude>
    <ClInclude Include="BulletPhysics\BulletDynamics\ConstraintSolver\btSolve2LinearConstraint.h">
      <Filter>ThirdParty\BulletPhysics</Filter>
    </ClInclude>
    <ClInclude Include="BulletPhysics\BulletDynamics\ConstraintSolver\btSolverBody.h">
      <Filter>ThirdParty\BulletPhysics</Filter>
    </ClInclude>
    <ClInclude Include="BulletPhysics\BulletDynamics\ConstraintSolver\btSolverConstraint.h">
      <Filter>ThirdParty\BulletPhysics</Filter>
    </ClInclude>
    <ClInclude Include="BulletPhysics\BulletDynamics\ConstraintSolver\btTypedConstraint.h">
      <Filter>ThirdParty\BulletPhysics</Filter>
    </ClInclude>
    <ClInclude Include="BulletPhysics\BulletDynamics\ConstraintSolver\btUniversalConstraint.h">
      <Filter>ThirdParty\BulletPhysics</Filter>
    </ClInclude>
    <ClInclude Include="BulletPhysics\BulletDynamics\Dynamics\btActionInterface.h">
      <Filter>ThirdParty\BulletPhysics</Filter>
    </ClInclude>
    <ClInclude Include="BulletPhysics\BulletDynamics\Dynamics\btDiscreteDynamicsWorld.h">
      <Filter>ThirdParty\BulletPhysics</Filter>
    </ClInclude>
    <ClInclude Include="BulletPhysics\BulletDynamics\Dynamics\btDynamicsWorld.h">
      <Filter>ThirdParty\BulletPhysics</Filter>
    </ClInclude>
    <ClInclude Include="BulletPhysics\BulletDynamics\Dynamics\btRigidBody.h">
      <Filter>ThirdParty\BulletPhysics</Filter>
    </ClInclude>
    <ClInclude Include="BulletPhysics\BulletDynamics\Dynamics\btSimpleDynamicsWorld.h">
      <Filter>ThirdParty\BulletPhysics</Filter>
    </ClInclude>
    <ClInclude Include="BulletPhysics\BulletDynamics\Featherstone\btMultiBody.h">
      <Filter>ThirdParty\BulletPhysics</Filter>
    </ClInclude>
    <ClInclude Include="BulletPhysics\BulletDynamics\Featherstone\btMultiBodyConstraint.h">
      <Filter>ThirdParty\BulletPhysics</Filter>
    </ClInclude>
    <ClInclude Include="BulletPhysics\BulletDynamics\Featherstone\btMultiBodyConstraintSolver.h">
      <Filter>ThirdParty\BulletPhysics</Filter>
    </ClInclude>
    <ClInclude Include="BulletPhysics\BulletDynamics\Featherstone\btMultiBodyDynamicsWorld.h">
      <Filter>ThirdParty\BulletPhysics</Filter>
    </ClInclude>
    <ClInclude Include="BulletPhysics\BulletDynamics\Featherstone\btMultiBodyJointLimitConstraint.h">
      <Filter>ThirdParty\BulletPhysics</Filter>
    </ClInclude>
    <ClInclude Include="BulletPhysics\BulletDynamics\Featherstone\btMultiBodyJointMotor.h">
      <Filter>ThirdParty\BulletPhysics</Filter>
    </ClInclude>
    <ClInclude Include="BulletPhysics\BulletDynamics\Featherstone\btMultiBodyLink.h">
      <Filter>ThirdParty\BulletPhysics</Filter>
    </ClInclude>
    <ClInclude Include="BulletPhysics\BulletDynamics\Featherstone\btMultiBodyLinkCollider.h">
      <Filter>ThirdParty\BulletPhysics</Filter>
    </ClInclude>
    <ClInclude Include="BulletPhysics\BulletDynamics\Featherstone\btMultiBodyPoint2Point.h">
      <Filter>ThirdParty\BulletPhysics</Filter>
    </ClInclude>
    <ClInclude Include="BulletPhysics\BulletDynamics\Featherstone\btMultiBodySolverConstraint.h">
      <Filter>ThirdParty\BulletPhysics</Filter>
    </ClInclude>
    <ClInclude Include="BulletPhysics\BulletDynamics\MLCPSolvers\btDantzigLCP.h">
      <Filter>ThirdParty\BulletPhysics</Filter>
    </ClInclude>
    <ClInclude Include="BulletPhysics\BulletDynamics\MLCPSolvers\btDantzigSolver.h">
      <Filter>ThirdParty\BulletPhysics</Filter>
    </ClInclude>
    <ClInclude Include="BulletPhysics\BulletDynamics\MLCPSolvers\btMLCPSolver.h">
      <Filter>ThirdParty\BulletPhysics</Filter>
    </ClInclude>
    <ClInclude Include="BulletPhysics\BulletDynamics\MLCPSolvers\btMLCPSolverInterface.h">
      <Filter>ThirdParty\BulletPhysics</Filter>
    </ClInclude>
    <ClInclude Include="BulletPhysics\BulletDynamics\MLCPSolvers\btPATHSolver.h">
      <Filter>ThirdParty\BulletPhysics</Filter>
    </ClInclude>
    <ClInclude Include="BulletPhysics\BulletDynamics\MLCPSolvers\btSolveProjectedGaussSeidel.h">
      <Filter>ThirdParty\BulletPhysics</Filter>
    </ClInclude>
    <ClInclude Include="BulletPhysics\BulletDynamics\Vehicle\btRaycastVehicle.h">
      <Filter>ThirdParty\BulletPhysics</Filter>
    </ClInclude>
    <ClInclude Include="BulletPhysics\BulletDynamics\Vehicle\btVehicleRaycaster.h">
      <Filter>ThirdParty\BulletPhysics</Filter>
    </ClInclude>
    <ClInclude Include="BulletPhysics\BulletDynamics\Vehicle\btWheelInfo.h">
      <Filter>ThirdParty\BulletPhysics</Filter>
    </ClInclude>
    <ClInclude Include="BulletPhysics\BulletSoftBody\btDefaultSoftBodySolver.h">
      <Filter>ThirdParty\BulletPhysics</Filter>
    </ClInclude>
    <ClInclude Include="BulletPhysics\BulletSoftBody\btSoftBody.h">
      <Filter>ThirdParty\BulletPhysics</Filter>
    </ClInclude>
    <ClInclude Include="BulletPhysics\BulletSoftBody\btSoftBodyConcaveCollisionAlgorithm.h">
      <Filter>ThirdParty\BulletPhysics</Filter>
    </ClInclude>
    <ClInclude Include="BulletPhysics\BulletSoftBody\btSoftBodyData.h">
      <Filter>ThirdParty\BulletPhysics</Filter>
    </ClInclude>
    <ClInclude Include="BulletPhysics\BulletSoftBody\btSoftBodyHelpers.h">
      <Filter>ThirdParty\BulletPhysics</Filter>
    </ClInclude>
    <ClInclude Include="BulletPhysics\BulletSoftBody\btSoftBodyInternals.h">
      <Filter>ThirdParty\BulletPhysics</Filter>
    </ClInclude>
    <ClInclude Include="BulletPhysics\BulletSoftBody\btSoftBodyRigidBodyCollisionConfiguration.h">
      <Filter>ThirdParty\BulletPhysics</Filter>
    </ClInclude>
    <ClInclude Include="BulletPhysics\BulletSoftBody\btSoftBodySolvers.h">
      <Filter>ThirdParty\BulletPhysics</Filter>
    </ClInclude>
    <ClInclude Include="BulletPhysics\BulletSoftBody\btSoftBodySolverVertexBuffer.h">
      <Filter>ThirdParty\BulletPhysics</Filter>
    </ClInclude>
    <ClInclude Include="BulletPhysics\BulletSoftBody\btSoftRigidCollisionAlgorithm.h">
      <Filter>ThirdParty\BulletPhysics</Filter>
    </ClInclude>
    <ClInclude Include="BulletPhysics\BulletSoftBody\btSoftRigidDynamicsWorld.h">
      <Filter>ThirdParty\BulletPhysics</Filter>
    </ClInclude>
    <ClInclude Include="BulletPhysics\BulletSoftBody\btSoftSoftCollisionAlgorithm.h">
      <Filter>ThirdParty\BulletPhysics</Filter>
    </ClInclude>
    <ClInclude Include="BulletPhysics\BulletSoftBody\btSparseSDF.h">
      <Filter>ThirdParty\BulletPhysics</Filter>
    </ClInclude>
    <ClInclude Include="BulletPhysics\LinearMath\btAabbUtil2.h">
      <Filter>ThirdParty\BulletPhysics</Filter>
    </ClInclude>
    <ClInclude Include="BulletPhysics\LinearMath\btAlignedAllocator.h">
      <Filter>ThirdParty\BulletPhysics</Filter>
    </ClInclude>
    <ClInclude Include="BulletPhysics\LinearMath\btAlignedObjectArray.h">
      <Filter>ThirdParty\BulletPhysics</Filter>
    </ClInclude>
    <ClInclude Include="BulletPhysics\LinearMath\btConvexHull.h">
      <Filter>ThirdParty\BulletPhysics</Filter>
    </ClInclude>
    <ClInclude Include="BulletPhysics\LinearMath\btConvexHullComputer.h">
      <Filter>ThirdParty\BulletPhysics</Filter>
    </ClInclude>
    <ClInclude Include="BulletPhysics\LinearMath\btDefaultMotionState.h">
      <Filter>ThirdParty\BulletPhysics</Filter>
    </ClInclude>
    <ClInclude Include="BulletPhysics\LinearMath\btGeometryUtil.h">
      <Filter>ThirdParty\BulletPhysics</Filter>
    </ClInclude>
    <ClInclude Include="BulletPhysics\LinearMath\btGrahamScan2dConvexHull.h">
      <Filter>ThirdParty\BulletPhysics</Filter>
    </ClInclude>
    <ClInclude Include="BulletPhysics\LinearMath\btHashMap.h">
      <Filter>ThirdParty\BulletPhysics</Filter>
    </ClInclude>
    <ClInclude Include="BulletPhysics\LinearMath\btIDebugDraw.h">
      <Filter>ThirdParty\BulletPhysics</Filter>
    </ClInclude>
    <ClInclude Include="BulletPhysics\LinearMath\btList.h">
      <Filter>ThirdParty\BulletPhysics</Filter>
    </ClInclude>
    <ClInclude Include="BulletPhysics\LinearMath\btMatrix3x3.h">
      <Filter>ThirdParty\BulletPhysics</Filter>
    </ClInclude>
    <ClInclude Include="BulletPhysics\LinearMath\btMatrixX.h">
      <Filter>ThirdParty\BulletPhysics</Filter>
    </ClInclude>
    <ClInclude Include="BulletPhysics\LinearMath\btMinMax.h">
      <Filter>ThirdParty\BulletPhysics</Filter>
    </ClInclude>
    <ClInclude Include="BulletPhysics\LinearMath\btMotionState.h">
      <Filter>ThirdParty\BulletPhysics</Filter>
    </ClInclude>
    <ClInclude Include="BulletPhysics\LinearMath\btPolarDecomposition.h">
      <Filter>ThirdParty\BulletPhysics</Filter>
    </ClInclude>
    <ClInclude Include="BulletPhysics\LinearMath\btPoolAllocator.h">
      <Filter>ThirdParty\BulletPhysics</Filter>
    </ClInclude>
    <ClInclude Include="BulletPhysics\LinearMath\btQuadWord.h">
      <Filter>ThirdParty\BulletPhysics</Filter>
    </ClInclude>
    <ClInclude Include="BulletPhysics\LinearMath\btQuaternion.h">
      <Filter>ThirdParty\BulletPhysics</Filter>
    </ClInclude>
    <ClInclude Include="BulletPhysics\LinearMath\btQuickprof.h">
      <Filter>ThirdParty\BulletPhysics</Filter>
    </ClInclude>
    <ClInclude Include="BulletPhysics\LinearMath\btRandom.h">
      <Filter>ThirdParty\BulletPhysics</Filter>
    </ClInclude>
    <ClInclude Include="BulletPhysics\LinearMath\btScalar.h">
      <Filter>ThirdParty\BulletPhysics</Filter>
    </ClInclude>
    <ClInclude Include="BulletPhysics\LinearMath\btSerializer.h">
      <Filter>ThirdParty\BulletPhysics</Filter>
    </ClInclude>
    <ClInclude Include="BulletPhysics\LinearMath\btStackAlloc.h">
      <Filter>ThirdParty\BulletPhysics</Filter>
    </ClInclude>
    <ClInclude Include="BulletPhysics\LinearMath\btTransform.h">
      <Filter>ThirdParty\BulletPhysics</Filter>
    </ClInclude>
    <ClInclude Include="BulletPhysics\LinearMath\btTransformUtil.h">
      <Filter>ThirdParty\BulletPhysics</Filter>
    </ClInclude>
    <ClInclude Include="BulletPhysics\LinearMath\btVector3.h">
      <Filter>ThirdParty\BulletPhysics</Filter>
    </ClInclude>
    <ClInclude Include="BulletPhysics\btBulletCollisionCommon.h">
      <Filter>ThirdParty\BulletPhysics</Filter>
    </ClInclude>
    <ClInclude Include="BulletPhysics\btBulletDynamicsCommon.h">
      <Filter>ThirdParty\BulletPhysics</Filter>
    </ClInclude>
    <ClInclude Include="BulletPhysics\Bullet-C-Api.h">
      <Filter>ThirdParty\BulletPhysics</Filter>
    </ClInclude>
    <ClInclude Include="PhysicsWorld.h">
      <Filter>PhysicsSystem</Filter>
    </ClInclude>
    <ClInclude Include="Cylinder.h">
      <Filter>Header Files\Geometry</Filter>
    </ClInclude>
    <ClInclude Include="GeometryGenerator.h">
      <Filter>Header Files\Geometry</Filter>
    </ClInclude>
    <ClInclude Include="TestCylinder.h">
      <Filter>Header Files\Drawable</Filter>
    </ClInclude>
  </ItemGroup>
  <ItemGroup>
    <None Include="DXGetErrorDescription.inl">
      <Filter>ThirdParty\DXerr</Filter>
    </None>
    <None Include="DXGetErrorString.inl">
      <Filter>ThirdParty\DXerr</Filter>
    </None>
    <None Include="DXTrace.inl">
      <Filter>ThirdParty\DXerr</Filter>
    </None>
    <None Include="Transform.hlsli">
      <Filter>Shaders\Headers</Filter>
    </None>
    <None Include="ShaderOps.hlsli">
      <Filter>Shaders\Headers</Filter>
    </None>
    <None Include="PointLight.hlsli">
      <Filter>Shaders\Headers</Filter>
    </None>
  </ItemGroup>
  <ItemGroup>
    <FxCompile Include="SolidVS.hlsl">
      <Filter>Shaders\VS</Filter>
    </FxCompile>
    <FxCompile Include="SolidPS.hlsl">
      <Filter>Shaders\PS</Filter>
    </FxCompile>
    <FxCompile Include="PhongVS.hlsl">
      <Filter>Shaders\VS</Filter>
    </FxCompile>
    <FxCompile Include="PhongPSNormalMap.hlsl">
      <Filter>Shaders\PS</Filter>
    </FxCompile>
    <FxCompile Include="PhongVSNotex.hlsl">
      <Filter>Shaders\VS</Filter>
    </FxCompile>
    <FxCompile Include="PhongPS.hlsl">
      <Filter>Shaders\PS</Filter>
    </FxCompile>
    <FxCompile Include="PhongPSNotex.hlsl">
      <Filter>Shaders\PS</Filter>
    </FxCompile>
    <FxCompile Include="PhongPSSpec.hlsl">
      <Filter>Shaders\PS</Filter>
    </FxCompile>
    <FxCompile Include="PhongVSNormalMap.hlsl">
      <Filter>Shaders\VS</Filter>
    </FxCompile>
    <FxCompile Include="PhongPSSpecNormMask.hlsl">
      <Filter>Shaders\PS</Filter>
    </FxCompile>
    <FxCompile Include="PhongPSSpecNormalMap.hlsl">
      <Filter>Shaders\PS</Filter>
    </FxCompile>
    <FxCompile Include="CubeMapVS.hlsl">
      <Filter>Shaders\VS</Filter>
    </FxCompile>
    <FxCompile Include="CubeMapPS.hlsl">
      <Filter>Shaders\PS</Filter>
    </FxCompile>
  </ItemGroup>
</Project>